// !$*UTF8*$!
{
	archiveVersion = 1;
	classes = {
	};
	objectVersion = 56;
	objects = {

/* Begin PBXBuildFile section */
		250893072BE266EA00AD9503 /* FirebaseMessaging in Frameworks */ = {isa = PBXBuildFile; productRef = 250893062BE266EA00AD9503 /* FirebaseMessaging */; };
		250893092BE268E700AD9503 /* PushNotificationService.swift in Sources */ = {isa = PBXBuildFile; fileRef = 250893082BE268E700AD9503 /* PushNotificationService.swift */; };
		2508930B2BE275F400AD9503 /* PushNotificationProvider.swift in Sources */ = {isa = PBXBuildFile; fileRef = 2508930A2BE275F400AD9503 /* PushNotificationProvider.swift */; };
		2508930D2BE2763F00AD9503 /* PushObject.swift in Sources */ = {isa = PBXBuildFile; fileRef = 2508930C2BE2763F00AD9503 /* PushObject.swift */; };
		2508930F2BE368EE00AD9503 /* SearchViewModel.swift in Sources */ = {isa = PBXBuildFile; fileRef = 2508930E2BE368EE00AD9503 /* SearchViewModel.swift */; };
		250893112BE36A4300AD9503 /* SearchBar.swift in Sources */ = {isa = PBXBuildFile; fileRef = 250893102BE36A4300AD9503 /* SearchBar.swift */; };
		250893142BE3746300AD9503 /* Search.xcdatamodeld in Sources */ = {isa = PBXBuildFile; fileRef = 250893122BE3746300AD9503 /* Search.xcdatamodeld */; };
		250893172BE374C300AD9503 /* SearchDataController.swift in Sources */ = {isa = PBXBuildFile; fileRef = 250893162BE374C300AD9503 /* SearchDataController.swift */; };
		250893192BE375DB00AD9503 /* RecentSearchView.swift in Sources */ = {isa = PBXBuildFile; fileRef = 250893182BE375DB00AD9503 /* RecentSearchView.swift */; };
		2508931C2BE38C0100AD9503 /* SettingView.swift in Sources */ = {isa = PBXBuildFile; fileRef = 2508931B2BE38C0100AD9503 /* SettingView.swift */; };
		2508931E2BE38C0800AD9503 /* SettingViewModel.swift in Sources */ = {isa = PBXBuildFile; fileRef = 2508931D2BE38C0800AD9503 /* SettingViewModel.swift */; };
		250893202BE38C1200AD9503 /* SettingItem.swift in Sources */ = {isa = PBXBuildFile; fileRef = 2508931F2BE38C1200AD9503 /* SettingItem.swift */; };
		250893242BE38E1000AD9503 /* AppearanceType.swift in Sources */ = {isa = PBXBuildFile; fileRef = 250893232BE38E1000AD9503 /* AppearanceType.swift */; };
		250893262BE38E7D00AD9503 /* AppearanceController.swift in Sources */ = {isa = PBXBuildFile; fileRef = 250893252BE38E7D00AD9503 /* AppearanceController.swift */; };
		2596A5662BE4C39300332DE9 /* ObservableObjectSettable.swift in Sources */ = {isa = PBXBuildFile; fileRef = 2596A5652BE4C39300332DE9 /* ObservableObjectSettable.swift */; };
		2596A5682BE4C47000332DE9 /* DBReference.swift in Sources */ = {isa = PBXBuildFile; fileRef = 2596A5672BE4C47000332DE9 /* DBReference.swift */; };
		2596A56A2BE4CB4800332DE9 /* UserDBRepositoryTests.swift in Sources */ = {isa = PBXBuildFile; fileRef = 2596A5692BE4CB4800332DE9 /* UserDBRepositoryTests.swift */; };
		25AE5B0F2BE4D07100697990 /* ChatRoomServiceTests.swift in Sources */ = {isa = PBXBuildFile; fileRef = 25AE5B0E2BE4D07100697990 /* ChatRoomServiceTests.swift */; };
		25AE5B122BE4D21B00697990 /* ChatViewModelTests.swift in Sources */ = {isa = PBXBuildFile; fileRef = 25AE5B112BE4D21B00697990 /* ChatViewModelTests.swift */; };
		25D7F8552BD7ACDB00D35316 /* LaunchScreen.storyboard in Resources */ = {isa = PBXBuildFile; fileRef = 25D7F8542BD7ACDB00D35316 /* LaunchScreen.storyboard */; };
		25D7F8582BD7AD8700D35316 /* DIContainer.swift in Sources */ = {isa = PBXBuildFile; fileRef = 25D7F8572BD7AD8700D35316 /* DIContainer.swift */; };
		25D7F85B2BD7ADC700D35316 /* Services.swift in Sources */ = {isa = PBXBuildFile; fileRef = 25D7F85A2BD7ADC700D35316 /* Services.swift */; };
		25D7F85F2BD7AE4500D35316 /* AuthenticationViewModel.swift in Sources */ = {isa = PBXBuildFile; fileRef = 25D7F85E2BD7AE4500D35316 /* AuthenticationViewModel.swift */; };
		25D7F8652BD7F79400D35316 /* FirebaseAuth in Frameworks */ = {isa = PBXBuildFile; productRef = 25D7F8642BD7F79400D35316 /* FirebaseAuth */; };
		25D7F8672BD7FD7800D35316 /* AppDelegate.swift in Sources */ = {isa = PBXBuildFile; fileRef = 25D7F8662BD7FD7800D35316 /* AppDelegate.swift */; };
		25D7F86C2BD7FED900D35316 /* AuthenticationService.swift in Sources */ = {isa = PBXBuildFile; fileRef = 25D7F86B2BD7FED900D35316 /* AuthenticationService.swift */; };
		25D7F8702BD8003E00D35316 /* LoginIntroView.swift in Sources */ = {isa = PBXBuildFile; fileRef = 25D7F86F2BD8003E00D35316 /* LoginIntroView.swift */; };
		25D7F8722BD8005B00D35316 /* MainTabView.swift in Sources */ = {isa = PBXBuildFile; fileRef = 25D7F8712BD8005B00D35316 /* MainTabView.swift */; };
		25D7F8742BD8028A00D35316 /* LoginView.swift in Sources */ = {isa = PBXBuildFile; fileRef = 25D7F8732BD8028A00D35316 /* LoginView.swift */; };
		25D7F8762BD8031E00D35316 /* LoginButtonStyle.swift in Sources */ = {isa = PBXBuildFile; fileRef = 25D7F8752BD8031E00D35316 /* LoginButtonStyle.swift */; };
		25D7F8792BD920A400D35316 /* GoogleSignIn in Frameworks */ = {isa = PBXBuildFile; productRef = 25D7F8782BD920A400D35316 /* GoogleSignIn */; };
		25D7F87C2BD9225100D35316 /* User.swift in Sources */ = {isa = PBXBuildFile; fileRef = 25D7F87B2BD9225100D35316 /* User.swift */; };
		25D7F87E2BD9229C00D35316 /* ServiceError.swift in Sources */ = {isa = PBXBuildFile; fileRef = 25D7F87D2BD9229C00D35316 /* ServiceError.swift */; };
		25FCC86F2BDA29A50086FCBF /* SHA256.swift in Sources */ = {isa = PBXBuildFile; fileRef = 25FCC86D2BDA29A50086FCBF /* SHA256.swift */; };
		25FCC8702BDA29A50086FCBF /* RandomNonceString.swift in Sources */ = {isa = PBXBuildFile; fileRef = 25FCC86E2BDA29A50086FCBF /* RandomNonceString.swift */; };
		25FCC8722BDA3B790086FCBF /* MainTabType.swift in Sources */ = {isa = PBXBuildFile; fileRef = 25FCC8712BDA3B790086FCBF /* MainTabType.swift */; };
		25FCC8752BDA3C4D0086FCBF /* HomeView.swift in Sources */ = {isa = PBXBuildFile; fileRef = 25FCC8742BDA3C4D0086FCBF /* HomeView.swift */; };
		25FCC8782BDA3C570086FCBF /* ChatListView.swift in Sources */ = {isa = PBXBuildFile; fileRef = 25FCC8772BDA3C570086FCBF /* ChatListView.swift */; };
		25FCC87A2BDA3DE80086FCBF /* HomeViewModel.swift in Sources */ = {isa = PBXBuildFile; fileRef = 25FCC8792BDA3DE80086FCBF /* HomeViewModel.swift */; };
		25FCC87D2BDA43B70086FCBF /* FirebaseDatabase in Frameworks */ = {isa = PBXBuildFile; productRef = 25FCC87C2BDA43B70086FCBF /* FirebaseDatabase */; };
		25FCC8802BDA46500086FCBF /* UserDBRepository.swift in Sources */ = {isa = PBXBuildFile; fileRef = 25FCC87F2BDA46500086FCBF /* UserDBRepository.swift */; };
		25FCC8822BDA467C0086FCBF /* UserService.swift in Sources */ = {isa = PBXBuildFile; fileRef = 25FCC8812BDA467C0086FCBF /* UserService.swift */; };
		25FCC8852BDA477E0086FCBF /* UserObject.swift in Sources */ = {isa = PBXBuildFile; fileRef = 25FCC8842BDA477E0086FCBF /* UserObject.swift */; };
		25FCC8872BDA47C00086FCBF /* DBError.swift in Sources */ = {isa = PBXBuildFile; fileRef = 25FCC8862BDA47C00086FCBF /* DBError.swift */; };
		25FCC8892BDA497F0086FCBF /* Constant.swift in Sources */ = {isa = PBXBuildFile; fileRef = 25FCC8882BDA497F0086FCBF /* Constant.swift */; };
		25FCC88B2BDA94FA0086FCBF /* Phase.swift in Sources */ = {isa = PBXBuildFile; fileRef = 25FCC88A2BDA94FA0086FCBF /* Phase.swift */; };
		25FCC88E2BDA959A0086FCBF /* PlaceholderView.swift in Sources */ = {isa = PBXBuildFile; fileRef = 25FCC88D2BDA959A0086FCBF /* PlaceholderView.swift */; };
		25FCC8912BDA95C50086FCBF /* LoadingView.swift in Sources */ = {isa = PBXBuildFile; fileRef = 25FCC8902BDA95C50086FCBF /* LoadingView.swift */; };
		25FCC8932BDA96100086FCBF /* ErrorView.swift in Sources */ = {isa = PBXBuildFile; fileRef = 25FCC8922BDA96100086FCBF /* ErrorView.swift */; };
		25FCC8972BDAA13C0086FCBF /* GoogleService-Info.plist in Resources */ = {isa = PBXBuildFile; fileRef = 25FCC8962BDAA13C0086FCBF /* GoogleService-Info.plist */; };
		25FCC8992BDAA57C0086FCBF /* HomeModalDestination.swift in Sources */ = {isa = PBXBuildFile; fileRef = 25FCC8982BDAA57C0086FCBF /* HomeModalDestination.swift */; };
		25FCC89D2BDAA6340086FCBF /* MyProfileView.swift in Sources */ = {isa = PBXBuildFile; fileRef = 25FCC89C2BDAA6340086FCBF /* MyProfileView.swift */; };
		25FCC89F2BDAA63C0086FCBF /* OtherProfileView.swift in Sources */ = {isa = PBXBuildFile; fileRef = 25FCC89E2BDAA63C0086FCBF /* OtherProfileView.swift */; };
		25FCC8A12BDBE1B80086FCBF /* ContactService.swift in Sources */ = {isa = PBXBuildFile; fileRef = 25FCC8A02BDBE1B80086FCBF /* ContactService.swift */; };
		25FCC8A32BDD1EEF0086FCBF /* MyProfileViewModel.swift in Sources */ = {isa = PBXBuildFile; fileRef = 25FCC8A22BDD1EEF0086FCBF /* MyProfileViewModel.swift */; };
		25FCC8A52BDD211C0086FCBF /* MyProfileMenuType.swift in Sources */ = {isa = PBXBuildFile; fileRef = 25FCC8A42BDD211C0086FCBF /* MyProfileMenuType.swift */; };
		25FCC8A72BDD26770086FCBF /* MyProfileDescEditView.swift in Sources */ = {isa = PBXBuildFile; fileRef = 25FCC8A62BDD26770086FCBF /* MyProfileDescEditView.swift */; };
		25FCC8A92BDE0E680086FCBF /* PhotoPickerService.swift in Sources */ = {isa = PBXBuildFile; fileRef = 25FCC8A82BDE0E680086FCBF /* PhotoPickerService.swift */; };
		25FCC8AC2BDE0F670086FCBF /* PhotoImage.swift in Sources */ = {isa = PBXBuildFile; fileRef = 25FCC8AB2BDE0F670086FCBF /* PhotoImage.swift */; };
		25FCC8AE2BDE122A0086FCBF /* FirebaseStorage in Frameworks */ = {isa = PBXBuildFile; productRef = 25FCC8AD2BDE122A0086FCBF /* FirebaseStorage */; };
		25FCC8B02BDE122A0086FCBF /* FirebaseStorageCombine-Community in Frameworks */ = {isa = PBXBuildFile; productRef = 25FCC8AF2BDE122A0086FCBF /* FirebaseStorageCombine-Community */; };
		25FCC8B32BDE126D0086FCBF /* UploadProvider.swift in Sources */ = {isa = PBXBuildFile; fileRef = 25FCC8B22BDE126D0086FCBF /* UploadProvider.swift */; };
		25FCC8B62BDE13410086FCBF /* UploadService.swift in Sources */ = {isa = PBXBuildFile; fileRef = 25FCC8B52BDE13410086FCBF /* UploadService.swift */; };
		25FCC8B92BDE13B80086FCBF /* UploadSourceType.swift in Sources */ = {isa = PBXBuildFile; fileRef = 25FCC8B82BDE13B80086FCBF /* UploadSourceType.swift */; };
		25FCC8BB2BDE17FD0086FCBF /* ImageCacheService.swift in Sources */ = {isa = PBXBuildFile; fileRef = 25FCC8BA2BDE17FD0086FCBF /* ImageCacheService.swift */; };
		25FCC8BE2BDE185D0086FCBF /* MemoryStorage.swift in Sources */ = {isa = PBXBuildFile; fileRef = 25FCC8BD2BDE185D0086FCBF /* MemoryStorage.swift */; };
		25FCC8C02BDE190F0086FCBF /* DiskStorage.swift in Sources */ = {isa = PBXBuildFile; fileRef = 25FCC8BF2BDE190F0086FCBF /* DiskStorage.swift */; };
		25FCC8C22BDE1E4D0086FCBF /* URLImageView.swift in Sources */ = {isa = PBXBuildFile; fileRef = 25FCC8C12BDE1E4D0086FCBF /* URLImageView.swift */; };
		25FCC8C52BDE1E780086FCBF /* URLImageViewModel.swift in Sources */ = {isa = PBXBuildFile; fileRef = 25FCC8C42BDE1E780086FCBF /* URLImageViewModel.swift */; };
		25FCC8C92BDE233E0086FCBF /* OtherProfileViewModel.swift in Sources */ = {isa = PBXBuildFile; fileRef = 25FCC8C82BDE233E0086FCBF /* OtherProfileViewModel.swift */; };
		25FCC8CB2BDE24D70086FCBF /* OtherProfileMenuType.swift in Sources */ = {isa = PBXBuildFile; fileRef = 25FCC8CA2BDE24D70086FCBF /* OtherProfileMenuType.swift */; };
		25FCC8CD2BDE26A00086FCBF /* ChatRoomDBRepository.swift in Sources */ = {isa = PBXBuildFile; fileRef = 25FCC8CC2BDE26A00086FCBF /* ChatRoomDBRepository.swift */; };
		25FCC8CF2BDE27020086FCBF /* ChatRoomObject.swift in Sources */ = {isa = PBXBuildFile; fileRef = 25FCC8CE2BDE27020086FCBF /* ChatRoomObject.swift */; };
		25FCC8D12BDE29860086FCBF /* ChatRoomService.swift in Sources */ = {isa = PBXBuildFile; fileRef = 25FCC8D02BDE29860086FCBF /* ChatRoomService.swift */; };
		25FCC8D32BDE2A2A0086FCBF /* ChatRoom.swift in Sources */ = {isa = PBXBuildFile; fileRef = 25FCC8D22BDE2A2A0086FCBF /* ChatRoom.swift */; };
		25FCC8D62BDE2C710086FCBF /* NavigationDestination.swift in Sources */ = {isa = PBXBuildFile; fileRef = 25FCC8D52BDE2C710086FCBF /* NavigationDestination.swift */; };
		25FCC8D82BDE2C860086FCBF /* NavigationRouter.swift in Sources */ = {isa = PBXBuildFile; fileRef = 25FCC8D72BDE2C860086FCBF /* NavigationRouter.swift */; };
		25FCC8DB2BDE2DBE0086FCBF /* ChatView.swift in Sources */ = {isa = PBXBuildFile; fileRef = 25FCC8DA2BDE2DBE0086FCBF /* ChatView.swift */; };
		25FCC8DE2BDE2DC70086FCBF /* SearchView.swift in Sources */ = {isa = PBXBuildFile; fileRef = 25FCC8DD2BDE2DC70086FCBF /* SearchView.swift */; };
		25FCC8E02BDE34940086FCBF /* ChatListViewModel.swift in Sources */ = {isa = PBXBuildFile; fileRef = 25FCC8DF2BDE34940086FCBF /* ChatListViewModel.swift */; };
		25FCC8E22BDE35E90086FCBF /* SearchButton.swift in Sources */ = {isa = PBXBuildFile; fileRef = 25FCC8E12BDE35E90086FCBF /* SearchButton.swift */; };
		25FCC8E42BDE36990086FCBF /* NavigationRoutingView.swift in Sources */ = {isa = PBXBuildFile; fileRef = 25FCC8E32BDE36990086FCBF /* NavigationRoutingView.swift */; };
		25FCC8E62BE0D9510086FCBF /* ChatViewModel.swift in Sources */ = {isa = PBXBuildFile; fileRef = 25FCC8E52BE0D9510086FCBF /* ChatViewModel.swift */; };
		25FCC8E82BE0DB660086FCBF /* Chat.swift in Sources */ = {isa = PBXBuildFile; fileRef = 25FCC8E72BE0DB660086FCBF /* Chat.swift */; };
		25FCC8EA2BE0DBFF0086FCBF /* ChatData.swift in Sources */ = {isa = PBXBuildFile; fileRef = 25FCC8E92BE0DBFF0086FCBF /* ChatData.swift */; };
		25FCC8EC2BE0DC730086FCBF /* Date+Extension.swift in Sources */ = {isa = PBXBuildFile; fileRef = 25FCC8EB2BE0DC730086FCBF /* Date+Extension.swift */; };
		25FCC8EE2BE0DE860086FCBF /* ChatItemView.swift in Sources */ = {isa = PBXBuildFile; fileRef = 25FCC8ED2BE0DE860086FCBF /* ChatItemView.swift */; };
		25FCC8F02BE0DEA20086FCBF /* ChatItemDirection.swift in Sources */ = {isa = PBXBuildFile; fileRef = 25FCC8EF2BE0DEA20086FCBF /* ChatItemDirection.swift */; };
		25FCC8F22BE0E3AB0086FCBF /* KeyboardToolbar.swift in Sources */ = {isa = PBXBuildFile; fileRef = 25FCC8F12BE0E3AB0086FCBF /* KeyboardToolbar.swift */; };
		25FCC8F42BE0E7AB0086FCBF /* ChatDBRepository.swift in Sources */ = {isa = PBXBuildFile; fileRef = 25FCC8F32BE0E7AB0086FCBF /* ChatDBRepository.swift */; };
		25FCC8F62BE0E8250086FCBF /* ChatObject.swift in Sources */ = {isa = PBXBuildFile; fileRef = 25FCC8F52BE0E8250086FCBF /* ChatObject.swift */; };
		25FCC8F82BE0E98C0086FCBF /* ChatService.swift in Sources */ = {isa = PBXBuildFile; fileRef = 25FCC8F72BE0E98C0086FCBF /* ChatService.swift */; };
		25FCC8FA2BE0F2980086FCBF /* ChatImageItemView.swift in Sources */ = {isa = PBXBuildFile; fileRef = 25FCC8F92BE0F2980086FCBF /* ChatImageItemView.swift */; };
		723ABD872AFFF1B800C260F1 /* LMessengerApp.swift in Sources */ = {isa = PBXBuildFile; fileRef = 723ABD862AFFF1B800C260F1 /* LMessengerApp.swift */; };
		723ABD892AFFF1B800C260F1 /* AuthenticatedView.swift in Sources */ = {isa = PBXBuildFile; fileRef = 723ABD882AFFF1B800C260F1 /* AuthenticatedView.swift */; };
		723ABD8B2AFFF1B900C260F1 /* Assets.xcassets in Resources */ = {isa = PBXBuildFile; fileRef = 723ABD8A2AFFF1B900C260F1 /* Assets.xcassets */; };
		723ABD8E2AFFF1B900C260F1 /* Preview Assets.xcassets in Resources */ = {isa = PBXBuildFile; fileRef = 723ABD8D2AFFF1B900C260F1 /* Preview Assets.xcassets */; };
		723ABDB22AFFF1F000C260F1 /* Colors.xcassets in Resources */ = {isa = PBXBuildFile; fileRef = 723ABDB12AFFF1F000C260F1 /* Colors.xcassets */; };
		72E4BEFC2B00B871007A1060 /* Color+Extension.swift in Sources */ = {isa = PBXBuildFile; fileRef = 72E4BEFB2B00B871007A1060 /* Color+Extension.swift */; };
/* End PBXBuildFile section */

/* Begin PBXContainerItemProxy section */
		723ABD942AFFF1B900C260F1 /* PBXContainerItemProxy */ = {
			isa = PBXContainerItemProxy;
			containerPortal = 723ABD7B2AFFF1B800C260F1 /* Project object */;
			proxyType = 1;
			remoteGlobalIDString = 723ABD822AFFF1B800C260F1;
			remoteInfo = LMessenger;
		};
/* End PBXContainerItemProxy section */

/* Begin PBXFileReference section */
		250893082BE268E700AD9503 /* PushNotificationService.swift */ = {isa = PBXFileReference; lastKnownFileType = sourcecode.swift; path = PushNotificationService.swift; sourceTree = "<group>"; };
		2508930A2BE275F400AD9503 /* PushNotificationProvider.swift */ = {isa = PBXFileReference; lastKnownFileType = sourcecode.swift; path = PushNotificationProvider.swift; sourceTree = "<group>"; };
		2508930C2BE2763F00AD9503 /* PushObject.swift */ = {isa = PBXFileReference; lastKnownFileType = sourcecode.swift; path = PushObject.swift; sourceTree = "<group>"; };
		2508930E2BE368EE00AD9503 /* SearchViewModel.swift */ = {isa = PBXFileReference; lastKnownFileType = sourcecode.swift; path = SearchViewModel.swift; sourceTree = "<group>"; };
		250893102BE36A4300AD9503 /* SearchBar.swift */ = {isa = PBXFileReference; lastKnownFileType = sourcecode.swift; path = SearchBar.swift; sourceTree = "<group>"; };
		250893132BE3746300AD9503 /* Search.xcdatamodel */ = {isa = PBXFileReference; lastKnownFileType = wrapper.xcdatamodel; path = Search.xcdatamodel; sourceTree = "<group>"; };
		250893162BE374C300AD9503 /* SearchDataController.swift */ = {isa = PBXFileReference; lastKnownFileType = sourcecode.swift; path = SearchDataController.swift; sourceTree = "<group>"; };
		250893182BE375DB00AD9503 /* RecentSearchView.swift */ = {isa = PBXFileReference; lastKnownFileType = sourcecode.swift; path = RecentSearchView.swift; sourceTree = "<group>"; };
		2508931B2BE38C0100AD9503 /* SettingView.swift */ = {isa = PBXFileReference; lastKnownFileType = sourcecode.swift; path = SettingView.swift; sourceTree = "<group>"; };
		2508931D2BE38C0800AD9503 /* SettingViewModel.swift */ = {isa = PBXFileReference; lastKnownFileType = sourcecode.swift; path = SettingViewModel.swift; sourceTree = "<group>"; };
		2508931F2BE38C1200AD9503 /* SettingItem.swift */ = {isa = PBXFileReference; lastKnownFileType = sourcecode.swift; path = SettingItem.swift; sourceTree = "<group>"; };
		250893232BE38E1000AD9503 /* AppearanceType.swift */ = {isa = PBXFileReference; lastKnownFileType = sourcecode.swift; path = AppearanceType.swift; sourceTree = "<group>"; };
		250893252BE38E7D00AD9503 /* AppearanceController.swift */ = {isa = PBXFileReference; lastKnownFileType = sourcecode.swift; path = AppearanceController.swift; sourceTree = "<group>"; };
		2596A5652BE4C39300332DE9 /* ObservableObjectSettable.swift */ = {isa = PBXFileReference; lastKnownFileType = sourcecode.swift; path = ObservableObjectSettable.swift; sourceTree = "<group>"; };
		2596A5672BE4C47000332DE9 /* DBReference.swift */ = {isa = PBXFileReference; lastKnownFileType = sourcecode.swift; path = DBReference.swift; sourceTree = "<group>"; };
		2596A5692BE4CB4800332DE9 /* UserDBRepositoryTests.swift */ = {isa = PBXFileReference; lastKnownFileType = sourcecode.swift; name = UserDBRepositoryTests.swift; path = "../New Group/UserDBRepositoryTests.swift"; sourceTree = "<group>"; };
		25AE5B0E2BE4D07100697990 /* ChatRoomServiceTests.swift */ = {isa = PBXFileReference; lastKnownFileType = sourcecode.swift; path = ChatRoomServiceTests.swift; sourceTree = "<group>"; };
		25AE5B112BE4D21B00697990 /* ChatViewModelTests.swift */ = {isa = PBXFileReference; lastKnownFileType = sourcecode.swift; path = ChatViewModelTests.swift; sourceTree = "<group>"; };
		25D7F8542BD7ACDB00D35316 /* LaunchScreen.storyboard */ = {isa = PBXFileReference; fileEncoding = 4; lastKnownFileType = file.storyboard; path = LaunchScreen.storyboard; sourceTree = "<group>"; };
		25D7F8572BD7AD8700D35316 /* DIContainer.swift */ = {isa = PBXFileReference; lastKnownFileType = sourcecode.swift; path = DIContainer.swift; sourceTree = "<group>"; };
		25D7F85A2BD7ADC700D35316 /* Services.swift */ = {isa = PBXFileReference; lastKnownFileType = sourcecode.swift; path = Services.swift; sourceTree = "<group>"; };
		25D7F85E2BD7AE4500D35316 /* AuthenticationViewModel.swift */ = {isa = PBXFileReference; lastKnownFileType = sourcecode.swift; path = AuthenticationViewModel.swift; sourceTree = "<group>"; };
		25D7F8662BD7FD7800D35316 /* AppDelegate.swift */ = {isa = PBXFileReference; lastKnownFileType = sourcecode.swift; path = AppDelegate.swift; sourceTree = "<group>"; };
		25D7F86A2BD7FE8800D35316 /* Info.plist */ = {isa = PBXFileReference; lastKnownFileType = text.plist.xml; path = Info.plist; sourceTree = "<group>"; };
		25D7F86B2BD7FED900D35316 /* AuthenticationService.swift */ = {isa = PBXFileReference; lastKnownFileType = sourcecode.swift; path = AuthenticationService.swift; sourceTree = "<group>"; };
		25D7F86F2BD8003E00D35316 /* LoginIntroView.swift */ = {isa = PBXFileReference; lastKnownFileType = sourcecode.swift; path = LoginIntroView.swift; sourceTree = "<group>"; };
		25D7F8712BD8005B00D35316 /* MainTabView.swift */ = {isa = PBXFileReference; lastKnownFileType = sourcecode.swift; path = MainTabView.swift; sourceTree = "<group>"; };
		25D7F8732BD8028A00D35316 /* LoginView.swift */ = {isa = PBXFileReference; lastKnownFileType = sourcecode.swift; path = LoginView.swift; sourceTree = "<group>"; };
		25D7F8752BD8031E00D35316 /* LoginButtonStyle.swift */ = {isa = PBXFileReference; lastKnownFileType = sourcecode.swift; path = LoginButtonStyle.swift; sourceTree = "<group>"; };
		25D7F87B2BD9225100D35316 /* User.swift */ = {isa = PBXFileReference; lastKnownFileType = sourcecode.swift; path = User.swift; sourceTree = "<group>"; };
		25D7F87D2BD9229C00D35316 /* ServiceError.swift */ = {isa = PBXFileReference; lastKnownFileType = sourcecode.swift; path = ServiceError.swift; sourceTree = "<group>"; };
		25FCC86B2BDA27930086FCBF /* LMessenger.entitlements */ = {isa = PBXFileReference; lastKnownFileType = text.plist.entitlements; path = LMessenger.entitlements; sourceTree = "<group>"; };
		25FCC86D2BDA29A50086FCBF /* SHA256.swift */ = {isa = PBXFileReference; fileEncoding = 4; lastKnownFileType = sourcecode.swift; path = SHA256.swift; sourceTree = "<group>"; };
		25FCC86E2BDA29A50086FCBF /* RandomNonceString.swift */ = {isa = PBXFileReference; fileEncoding = 4; lastKnownFileType = sourcecode.swift; path = RandomNonceString.swift; sourceTree = "<group>"; };
		25FCC8712BDA3B790086FCBF /* MainTabType.swift */ = {isa = PBXFileReference; lastKnownFileType = sourcecode.swift; path = MainTabType.swift; sourceTree = "<group>"; };
		25FCC8742BDA3C4D0086FCBF /* HomeView.swift */ = {isa = PBXFileReference; lastKnownFileType = sourcecode.swift; path = HomeView.swift; sourceTree = "<group>"; };
		25FCC8772BDA3C570086FCBF /* ChatListView.swift */ = {isa = PBXFileReference; lastKnownFileType = sourcecode.swift; path = ChatListView.swift; sourceTree = "<group>"; };
		25FCC8792BDA3DE80086FCBF /* HomeViewModel.swift */ = {isa = PBXFileReference; lastKnownFileType = sourcecode.swift; path = HomeViewModel.swift; sourceTree = "<group>"; };
		25FCC87F2BDA46500086FCBF /* UserDBRepository.swift */ = {isa = PBXFileReference; lastKnownFileType = sourcecode.swift; path = UserDBRepository.swift; sourceTree = "<group>"; };
		25FCC8812BDA467C0086FCBF /* UserService.swift */ = {isa = PBXFileReference; lastKnownFileType = sourcecode.swift; path = UserService.swift; sourceTree = "<group>"; };
		25FCC8842BDA477E0086FCBF /* UserObject.swift */ = {isa = PBXFileReference; lastKnownFileType = sourcecode.swift; path = UserObject.swift; sourceTree = "<group>"; };
		25FCC8862BDA47C00086FCBF /* DBError.swift */ = {isa = PBXFileReference; lastKnownFileType = sourcecode.swift; path = DBError.swift; sourceTree = "<group>"; };
		25FCC8882BDA497F0086FCBF /* Constant.swift */ = {isa = PBXFileReference; lastKnownFileType = sourcecode.swift; path = Constant.swift; sourceTree = "<group>"; };
		25FCC88A2BDA94FA0086FCBF /* Phase.swift */ = {isa = PBXFileReference; lastKnownFileType = sourcecode.swift; path = Phase.swift; sourceTree = "<group>"; };
		25FCC88D2BDA959A0086FCBF /* PlaceholderView.swift */ = {isa = PBXFileReference; lastKnownFileType = sourcecode.swift; path = PlaceholderView.swift; sourceTree = "<group>"; };
		25FCC8902BDA95C50086FCBF /* LoadingView.swift */ = {isa = PBXFileReference; lastKnownFileType = sourcecode.swift; path = LoadingView.swift; sourceTree = "<group>"; };
		25FCC8922BDA96100086FCBF /* ErrorView.swift */ = {isa = PBXFileReference; lastKnownFileType = sourcecode.swift; path = ErrorView.swift; sourceTree = "<group>"; };
		25FCC8962BDAA13C0086FCBF /* GoogleService-Info.plist */ = {isa = PBXFileReference; fileEncoding = 4; lastKnownFileType = text.plist.xml; path = "GoogleService-Info.plist"; sourceTree = "<group>"; };
		25FCC8982BDAA57C0086FCBF /* HomeModalDestination.swift */ = {isa = PBXFileReference; lastKnownFileType = sourcecode.swift; path = HomeModalDestination.swift; sourceTree = "<group>"; };
		25FCC89C2BDAA6340086FCBF /* MyProfileView.swift */ = {isa = PBXFileReference; lastKnownFileType = sourcecode.swift; path = MyProfileView.swift; sourceTree = "<group>"; };
		25FCC89E2BDAA63C0086FCBF /* OtherProfileView.swift */ = {isa = PBXFileReference; lastKnownFileType = sourcecode.swift; path = OtherProfileView.swift; sourceTree = "<group>"; };
		25FCC8A02BDBE1B80086FCBF /* ContactService.swift */ = {isa = PBXFileReference; lastKnownFileType = sourcecode.swift; path = ContactService.swift; sourceTree = "<group>"; };
		25FCC8A22BDD1EEF0086FCBF /* MyProfileViewModel.swift */ = {isa = PBXFileReference; lastKnownFileType = sourcecode.swift; path = MyProfileViewModel.swift; sourceTree = "<group>"; };
		25FCC8A42BDD211C0086FCBF /* MyProfileMenuType.swift */ = {isa = PBXFileReference; lastKnownFileType = sourcecode.swift; path = MyProfileMenuType.swift; sourceTree = "<group>"; };
		25FCC8A62BDD26770086FCBF /* MyProfileDescEditView.swift */ = {isa = PBXFileReference; lastKnownFileType = sourcecode.swift; path = MyProfileDescEditView.swift; sourceTree = "<group>"; };
		25FCC8A82BDE0E680086FCBF /* PhotoPickerService.swift */ = {isa = PBXFileReference; lastKnownFileType = sourcecode.swift; path = PhotoPickerService.swift; sourceTree = "<group>"; };
		25FCC8AB2BDE0F670086FCBF /* PhotoImage.swift */ = {isa = PBXFileReference; lastKnownFileType = sourcecode.swift; path = PhotoImage.swift; sourceTree = "<group>"; };
		25FCC8B22BDE126D0086FCBF /* UploadProvider.swift */ = {isa = PBXFileReference; lastKnownFileType = sourcecode.swift; path = UploadProvider.swift; sourceTree = "<group>"; };
		25FCC8B52BDE13410086FCBF /* UploadService.swift */ = {isa = PBXFileReference; lastKnownFileType = sourcecode.swift; path = UploadService.swift; sourceTree = "<group>"; };
		25FCC8B82BDE13B80086FCBF /* UploadSourceType.swift */ = {isa = PBXFileReference; lastKnownFileType = sourcecode.swift; path = UploadSourceType.swift; sourceTree = "<group>"; };
		25FCC8BA2BDE17FD0086FCBF /* ImageCacheService.swift */ = {isa = PBXFileReference; lastKnownFileType = sourcecode.swift; path = ImageCacheService.swift; sourceTree = "<group>"; };
		25FCC8BD2BDE185D0086FCBF /* MemoryStorage.swift */ = {isa = PBXFileReference; lastKnownFileType = sourcecode.swift; path = MemoryStorage.swift; sourceTree = "<group>"; };
		25FCC8BF2BDE190F0086FCBF /* DiskStorage.swift */ = {isa = PBXFileReference; lastKnownFileType = sourcecode.swift; path = DiskStorage.swift; sourceTree = "<group>"; };
		25FCC8C12BDE1E4D0086FCBF /* URLImageView.swift */ = {isa = PBXFileReference; lastKnownFileType = sourcecode.swift; path = URLImageView.swift; sourceTree = "<group>"; };
		25FCC8C42BDE1E780086FCBF /* URLImageViewModel.swift */ = {isa = PBXFileReference; lastKnownFileType = sourcecode.swift; path = URLImageViewModel.swift; sourceTree = "<group>"; };
		25FCC8C82BDE233E0086FCBF /* OtherProfileViewModel.swift */ = {isa = PBXFileReference; lastKnownFileType = sourcecode.swift; path = OtherProfileViewModel.swift; sourceTree = "<group>"; };
		25FCC8CA2BDE24D70086FCBF /* OtherProfileMenuType.swift */ = {isa = PBXFileReference; lastKnownFileType = sourcecode.swift; path = OtherProfileMenuType.swift; sourceTree = "<group>"; };
		25FCC8CC2BDE26A00086FCBF /* ChatRoomDBRepository.swift */ = {isa = PBXFileReference; lastKnownFileType = sourcecode.swift; path = ChatRoomDBRepository.swift; sourceTree = "<group>"; };
		25FCC8CE2BDE27020086FCBF /* ChatRoomObject.swift */ = {isa = PBXFileReference; lastKnownFileType = sourcecode.swift; path = ChatRoomObject.swift; sourceTree = "<group>"; };
		25FCC8D02BDE29860086FCBF /* ChatRoomService.swift */ = {isa = PBXFileReference; lastKnownFileType = sourcecode.swift; path = ChatRoomService.swift; sourceTree = "<group>"; };
		25FCC8D22BDE2A2A0086FCBF /* ChatRoom.swift */ = {isa = PBXFileReference; lastKnownFileType = sourcecode.swift; path = ChatRoom.swift; sourceTree = "<group>"; };
		25FCC8D52BDE2C710086FCBF /* NavigationDestination.swift */ = {isa = PBXFileReference; lastKnownFileType = sourcecode.swift; path = NavigationDestination.swift; sourceTree = "<group>"; };
		25FCC8D72BDE2C860086FCBF /* NavigationRouter.swift */ = {isa = PBXFileReference; lastKnownFileType = sourcecode.swift; path = NavigationRouter.swift; sourceTree = "<group>"; };
		25FCC8DA2BDE2DBE0086FCBF /* ChatView.swift */ = {isa = PBXFileReference; lastKnownFileType = sourcecode.swift; path = ChatView.swift; sourceTree = "<group>"; };
		25FCC8DD2BDE2DC70086FCBF /* SearchView.swift */ = {isa = PBXFileReference; lastKnownFileType = sourcecode.swift; path = SearchView.swift; sourceTree = "<group>"; };
		25FCC8DF2BDE34940086FCBF /* ChatListViewModel.swift */ = {isa = PBXFileReference; lastKnownFileType = sourcecode.swift; path = ChatListViewModel.swift; sourceTree = "<group>"; };
		25FCC8E12BDE35E90086FCBF /* SearchButton.swift */ = {isa = PBXFileReference; lastKnownFileType = sourcecode.swift; path = SearchButton.swift; sourceTree = "<group>"; };
		25FCC8E32BDE36990086FCBF /* NavigationRoutingView.swift */ = {isa = PBXFileReference; lastKnownFileType = sourcecode.swift; path = NavigationRoutingView.swift; sourceTree = "<group>"; };
		25FCC8E52BE0D9510086FCBF /* ChatViewModel.swift */ = {isa = PBXFileReference; lastKnownFileType = sourcecode.swift; path = ChatViewModel.swift; sourceTree = "<group>"; };
		25FCC8E72BE0DB660086FCBF /* Chat.swift */ = {isa = PBXFileReference; lastKnownFileType = sourcecode.swift; path = Chat.swift; sourceTree = "<group>"; };
		25FCC8E92BE0DBFF0086FCBF /* ChatData.swift */ = {isa = PBXFileReference; lastKnownFileType = sourcecode.swift; path = ChatData.swift; sourceTree = "<group>"; };
		25FCC8EB2BE0DC730086FCBF /* Date+Extension.swift */ = {isa = PBXFileReference; lastKnownFileType = sourcecode.swift; path = "Date+Extension.swift"; sourceTree = "<group>"; };
		25FCC8ED2BE0DE860086FCBF /* ChatItemView.swift */ = {isa = PBXFileReference; lastKnownFileType = sourcecode.swift; path = ChatItemView.swift; sourceTree = "<group>"; };
		25FCC8EF2BE0DEA20086FCBF /* ChatItemDirection.swift */ = {isa = PBXFileReference; lastKnownFileType = sourcecode.swift; path = ChatItemDirection.swift; sourceTree = "<group>"; };
		25FCC8F12BE0E3AB0086FCBF /* KeyboardToolbar.swift */ = {isa = PBXFileReference; lastKnownFileType = sourcecode.swift; path = KeyboardToolbar.swift; sourceTree = "<group>"; };
		25FCC8F32BE0E7AB0086FCBF /* ChatDBRepository.swift */ = {isa = PBXFileReference; lastKnownFileType = sourcecode.swift; path = ChatDBRepository.swift; sourceTree = "<group>"; };
		25FCC8F52BE0E8250086FCBF /* ChatObject.swift */ = {isa = PBXFileReference; lastKnownFileType = sourcecode.swift; path = ChatObject.swift; sourceTree = "<group>"; };
		25FCC8F72BE0E98C0086FCBF /* ChatService.swift */ = {isa = PBXFileReference; lastKnownFileType = sourcecode.swift; path = ChatService.swift; sourceTree = "<group>"; };
		25FCC8F92BE0F2980086FCBF /* ChatImageItemView.swift */ = {isa = PBXFileReference; lastKnownFileType = sourcecode.swift; path = ChatImageItemView.swift; sourceTree = "<group>"; };
		723ABD832AFFF1B800C260F1 /* LMessenger.app */ = {isa = PBXFileReference; explicitFileType = wrapper.application; includeInIndex = 0; path = LMessenger.app; sourceTree = BUILT_PRODUCTS_DIR; };
		723ABD862AFFF1B800C260F1 /* LMessengerApp.swift */ = {isa = PBXFileReference; lastKnownFileType = sourcecode.swift; path = LMessengerApp.swift; sourceTree = "<group>"; };
		723ABD882AFFF1B800C260F1 /* AuthenticatedView.swift */ = {isa = PBXFileReference; lastKnownFileType = sourcecode.swift; path = AuthenticatedView.swift; sourceTree = "<group>"; };
		723ABD8A2AFFF1B900C260F1 /* Assets.xcassets */ = {isa = PBXFileReference; lastKnownFileType = folder.assetcatalog; path = Assets.xcassets; sourceTree = "<group>"; };
		723ABD8D2AFFF1B900C260F1 /* Preview Assets.xcassets */ = {isa = PBXFileReference; lastKnownFileType = folder.assetcatalog; path = "Preview Assets.xcassets"; sourceTree = "<group>"; };
		723ABD932AFFF1B900C260F1 /* LMessengerTests.xctest */ = {isa = PBXFileReference; explicitFileType = wrapper.cfbundle; includeInIndex = 0; path = LMessengerTests.xctest; sourceTree = BUILT_PRODUCTS_DIR; };
		723ABDB12AFFF1F000C260F1 /* Colors.xcassets */ = {isa = PBXFileReference; lastKnownFileType = folder.assetcatalog; path = Colors.xcassets; sourceTree = "<group>"; };
		72E4BEFB2B00B871007A1060 /* Color+Extension.swift */ = {isa = PBXFileReference; fileEncoding = 4; lastKnownFileType = sourcecode.swift; path = "Color+Extension.swift"; sourceTree = "<group>"; };
/* End PBXFileReference section */

/* Begin PBXFrameworksBuildPhase section */
		723ABD802AFFF1B800C260F1 /* Frameworks */ = {
			isa = PBXFrameworksBuildPhase;
			buildActionMask = 2147483647;
			files = (
				250893072BE266EA00AD9503 /* FirebaseMessaging in Frameworks */,
				25FCC87D2BDA43B70086FCBF /* FirebaseDatabase in Frameworks */,
				25FCC8AE2BDE122A0086FCBF /* FirebaseStorage in Frameworks */,
				25FCC8B02BDE122A0086FCBF /* FirebaseStorageCombine-Community in Frameworks */,
				25D7F8652BD7F79400D35316 /* FirebaseAuth in Frameworks */,
				25D7F8792BD920A400D35316 /* GoogleSignIn in Frameworks */,
			);
			runOnlyForDeploymentPostprocessing = 0;
		};
		723ABD902AFFF1B900C260F1 /* Frameworks */ = {
			isa = PBXFrameworksBuildPhase;
			buildActionMask = 2147483647;
			files = (
			);
			runOnlyForDeploymentPostprocessing = 0;
		};
/* End PBXFrameworksBuildPhase section */

/* Begin PBXGroup section */
		250893152BE374B200AD9503 /* Search */ = {
			isa = PBXGroup;
			children = (
				250893162BE374C300AD9503 /* SearchDataController.swift */,
			);
			path = Search;
			sourceTree = "<group>";
		};
		2508931A2BE38BF200AD9503 /* Setting */ = {
			isa = PBXGroup;
			children = (
				2508931B2BE38C0100AD9503 /* SettingView.swift */,
				2508931D2BE38C0800AD9503 /* SettingViewModel.swift */,
				2508931F2BE38C1200AD9503 /* SettingItem.swift */,
			);
			path = Setting;
			sourceTree = "<group>";
		};
		250893222BE38DFA00AD9503 /* Appearance */ = {
			isa = PBXGroup;
			children = (
				250893232BE38E1000AD9503 /* AppearanceType.swift */,
				250893252BE38E7D00AD9503 /* AppearanceController.swift */,
			);
			path = Appearance;
			sourceTree = "<group>";
		};
		2596A5632BE4C16D00332DE9 /* Dependency */ = {
			isa = PBXGroup;
			children = (
				2596A5642BE4C36000332DE9 /* Protocol */,
				25FCC8D42BDE2C5F0086FCBF /* Navigation */,
				250893152BE374B200AD9503 /* Search */,
				250893222BE38DFA00AD9503 /* Appearance */,
				25D7F8572BD7AD8700D35316 /* DIContainer.swift */,
			);
			path = Dependency;
			sourceTree = "<group>";
		};
		2596A5642BE4C36000332DE9 /* Protocol */ = {
			isa = PBXGroup;
			children = (
				2596A5652BE4C39300332DE9 /* ObservableObjectSettable.swift */,
			);
			path = Protocol;
			sourceTree = "<group>";
		};
		2596A56B2BE4CB5900332DE9 /* Repository */ = {
			isa = PBXGroup;
			children = (
				2596A5692BE4CB4800332DE9 /* UserDBRepositoryTests.swift */,
			);
			path = Repository;
			sourceTree = "<group>";
		};
		25AE5B0D2BE4D05F00697990 /* Service */ = {
			isa = PBXGroup;
			children = (
				25AE5B0E2BE4D07100697990 /* ChatRoomServiceTests.swift */,
			);
			path = Service;
			sourceTree = "<group>";
		};
		25AE5B102BE4D21100697990 /* ViewModel */ = {
			isa = PBXGroup;
			children = (
				25AE5B112BE4D21B00697990 /* ChatViewModelTests.swift */,
			);
			path = ViewModel;
			sourceTree = "<group>";
		};
		25D7F8562BD7AD7800D35316 /* General */ = {
			isa = PBXGroup;
			children = (
				25FCC88C2BDA958E0086FCBF /* View */,
				25FCC8882BDA497F0086FCBF /* Constant.swift */,
				25FCC88A2BDA94FA0086FCBF /* Phase.swift */,
			);
			path = General;
			sourceTree = "<group>";
		};
		25D7F8592BD7ADB500D35316 /* Service */ = {
			isa = PBXGroup;
			children = (
				25FCC8BC2BDE184D0086FCBF /* ImageCache */,
				25FCC8B72BDE13A50086FCBF /* Upload */,
				25FCC8AA2BDE0F570086FCBF /* PhotoPicker */,
				25D7F85A2BD7ADC700D35316 /* Services.swift */,
				25D7F86B2BD7FED900D35316 /* AuthenticationService.swift */,
				25D7F87D2BD9229C00D35316 /* ServiceError.swift */,
				25FCC8812BDA467C0086FCBF /* UserService.swift */,
				25FCC8A02BDBE1B80086FCBF /* ContactService.swift */,
				25FCC8D02BDE29860086FCBF /* ChatRoomService.swift */,
				25FCC8F72BE0E98C0086FCBF /* ChatService.swift */,
				250893082BE268E700AD9503 /* PushNotificationService.swift */,
			);
			path = Service;
			sourceTree = "<group>";
		};
		25D7F85C2BD7AE2900D35316 /* View */ = {
			isa = PBXGroup;
			children = (
				25D7F85D2BD7AE3800D35316 /* Authentication */,
				25D7F86D2BD8002800D35316 /* Login */,
				25D7F86E2BD8002C00D35316 /* MainTab */,
				25FCC8732BDA3C450086FCBF /* Home */,
				25FCC89B2BDAA6250086FCBF /* Profile */,
				25FCC8762BDA3C4E0086FCBF /* ChatList */,
				25FCC8DC2BDE2DC20086FCBF /* Search */,
				2508931A2BE38BF200AD9503 /* Setting */,
			);
			path = View;
			sourceTree = "<group>";
		};
		25D7F85D2BD7AE3800D35316 /* Authentication */ = {
			isa = PBXGroup;
			children = (
				723ABD882AFFF1B800C260F1 /* AuthenticatedView.swift */,
				25D7F85E2BD7AE4500D35316 /* AuthenticationViewModel.swift */,
			);
			path = Authentication;
			sourceTree = "<group>";
		};
		25D7F86D2BD8002800D35316 /* Login */ = {
			isa = PBXGroup;
			children = (
				25D7F86F2BD8003E00D35316 /* LoginIntroView.swift */,
				25D7F8732BD8028A00D35316 /* LoginView.swift */,
				25D7F8752BD8031E00D35316 /* LoginButtonStyle.swift */,
			);
			path = Login;
			sourceTree = "<group>";
		};
		25D7F86E2BD8002C00D35316 /* MainTab */ = {
			isa = PBXGroup;
			children = (
				25D7F8712BD8005B00D35316 /* MainTabView.swift */,
				25FCC8712BDA3B790086FCBF /* MainTabType.swift */,
			);
			path = MainTab;
			sourceTree = "<group>";
		};
		25D7F87A2BD9224500D35316 /* Model */ = {
			isa = PBXGroup;
			children = (
				25D7F87B2BD9225100D35316 /* User.swift */,
				25FCC8D22BDE2A2A0086FCBF /* ChatRoom.swift */,
				25FCC8E72BE0DB660086FCBF /* Chat.swift */,
				25FCC8E92BE0DBFF0086FCBF /* ChatData.swift */,
			);
			path = Model;
			sourceTree = "<group>";
		};
		25FCC86C2BDA297D0086FCBF /* Util */ = {
			isa = PBXGroup;
			children = (
				25FCC86E2BDA29A50086FCBF /* RandomNonceString.swift */,
				25FCC86D2BDA29A50086FCBF /* SHA256.swift */,
			);
			path = Util;
			sourceTree = "<group>";
		};
		25FCC8732BDA3C450086FCBF /* Home */ = {
			isa = PBXGroup;
			children = (
				25FCC8742BDA3C4D0086FCBF /* HomeView.swift */,
				25FCC8982BDAA57C0086FCBF /* HomeModalDestination.swift */,
				25FCC8792BDA3DE80086FCBF /* HomeViewModel.swift */,
			);
			path = Home;
			sourceTree = "<group>";
		};
		25FCC8762BDA3C4E0086FCBF /* ChatList */ = {
			isa = PBXGroup;
			children = (
				25FCC8772BDA3C570086FCBF /* ChatListView.swift */,
				25FCC8DF2BDE34940086FCBF /* ChatListViewModel.swift */,
			);
			path = ChatList;
			sourceTree = "<group>";
		};
		25FCC87B2BDA43B70086FCBF /* Frameworks */ = {
			isa = PBXGroup;
			children = (
			);
			name = Frameworks;
			sourceTree = "<group>";
		};
		25FCC87E2BDA46400086FCBF /* Repository */ = {
			isa = PBXGroup;
			children = (
				25FCC87F2BDA46500086FCBF /* UserDBRepository.swift */,
				25FCC8862BDA47C00086FCBF /* DBError.swift */,
				25FCC8CC2BDE26A00086FCBF /* ChatRoomDBRepository.swift */,
				25FCC8F32BE0E7AB0086FCBF /* ChatDBRepository.swift */,
				2596A5672BE4C47000332DE9 /* DBReference.swift */,
			);
			path = Repository;
			sourceTree = "<group>";
		};
		25FCC8832BDA47760086FCBF /* DTO */ = {
			isa = PBXGroup;
			children = (
				25FCC8842BDA477E0086FCBF /* UserObject.swift */,
				25FCC8CE2BDE27020086FCBF /* ChatRoomObject.swift */,
				25FCC8F52BE0E8250086FCBF /* ChatObject.swift */,
				2508930C2BE2763F00AD9503 /* PushObject.swift */,
			);
			path = DTO;
			sourceTree = "<group>";
		};
		25FCC88C2BDA958E0086FCBF /* View */ = {
			isa = PBXGroup;
			children = (
				25FCC8C32BDE1E620086FCBF /* URLImage */,
				25FCC88D2BDA959A0086FCBF /* PlaceholderView.swift */,
				25FCC8902BDA95C50086FCBF /* LoadingView.swift */,
				25FCC8922BDA96100086FCBF /* ErrorView.swift */,
				25FCC8E12BDE35E90086FCBF /* SearchButton.swift */,
				25FCC8E32BDE36990086FCBF /* NavigationRoutingView.swift */,
			);
			path = View;
			sourceTree = "<group>";
		};
		25FCC89B2BDAA6250086FCBF /* Profile */ = {
			isa = PBXGroup;
			children = (
				25FCC8C62BDE23150086FCBF /* MyProfile */,
				25FCC8C72BDE23240086FCBF /* OtherProfile */,
			);
			path = Profile;
			sourceTree = "<group>";
		};
		25FCC8AA2BDE0F570086FCBF /* PhotoPicker */ = {
			isa = PBXGroup;
			children = (
				25FCC8A82BDE0E680086FCBF /* PhotoPickerService.swift */,
				25FCC8AB2BDE0F670086FCBF /* PhotoImage.swift */,
			);
			path = PhotoPicker;
			sourceTree = "<group>";
		};
		25FCC8B12BDE12540086FCBF /* Provider */ = {
			isa = PBXGroup;
			children = (
				25FCC8B42BDE12B80086FCBF /* Upload */,
				2508930A2BE275F400AD9503 /* PushNotificationProvider.swift */,
			);
			path = Provider;
			sourceTree = "<group>";
		};
		25FCC8B42BDE12B80086FCBF /* Upload */ = {
			isa = PBXGroup;
			children = (
				25FCC8B22BDE126D0086FCBF /* UploadProvider.swift */,
			);
			path = Upload;
			sourceTree = "<group>";
		};
		25FCC8B72BDE13A50086FCBF /* Upload */ = {
			isa = PBXGroup;
			children = (
				25FCC8B52BDE13410086FCBF /* UploadService.swift */,
				25FCC8B82BDE13B80086FCBF /* UploadSourceType.swift */,
			);
			path = Upload;
			sourceTree = "<group>";
		};
		25FCC8BC2BDE184D0086FCBF /* ImageCache */ = {
			isa = PBXGroup;
			children = (
				25FCC8BA2BDE17FD0086FCBF /* ImageCacheService.swift */,
				25FCC8BD2BDE185D0086FCBF /* MemoryStorage.swift */,
				25FCC8BF2BDE190F0086FCBF /* DiskStorage.swift */,
			);
			path = ImageCache;
			sourceTree = "<group>";
		};
		25FCC8C32BDE1E620086FCBF /* URLImage */ = {
			isa = PBXGroup;
			children = (
				25FCC8C12BDE1E4D0086FCBF /* URLImageView.swift */,
				25FCC8C42BDE1E780086FCBF /* URLImageViewModel.swift */,
			);
			path = URLImage;
			sourceTree = "<group>";
		};
		25FCC8C62BDE23150086FCBF /* MyProfile */ = {
			isa = PBXGroup;
			children = (
				25FCC89C2BDAA6340086FCBF /* MyProfileView.swift */,
				25FCC8A22BDD1EEF0086FCBF /* MyProfileViewModel.swift */,
				25FCC8A42BDD211C0086FCBF /* MyProfileMenuType.swift */,
				25FCC8A62BDD26770086FCBF /* MyProfileDescEditView.swift */,
			);
			path = MyProfile;
			sourceTree = "<group>";
		};
		25FCC8C72BDE23240086FCBF /* OtherProfile */ = {
			isa = PBXGroup;
			children = (
				25FCC89E2BDAA63C0086FCBF /* OtherProfileView.swift */,
				25FCC8C82BDE233E0086FCBF /* OtherProfileViewModel.swift */,
				25FCC8CA2BDE24D70086FCBF /* OtherProfileMenuType.swift */,
			);
			path = OtherProfile;
			sourceTree = "<group>";
		};
		25FCC8D42BDE2C5F0086FCBF /* Navigation */ = {
			isa = PBXGroup;
			children = (
				25FCC8D52BDE2C710086FCBF /* NavigationDestination.swift */,
				25FCC8D72BDE2C860086FCBF /* NavigationRouter.swift */,
			);
			path = Navigation;
			sourceTree = "<group>";
		};
		25FCC8D92BDE2DB90086FCBF /* Chat */ = {
			isa = PBXGroup;
			children = (
				25FCC8FB2BE0F29D0086FCBF /* Subview */,
				25FCC8DA2BDE2DBE0086FCBF /* ChatView.swift */,
				25FCC8E52BE0D9510086FCBF /* ChatViewModel.swift */,
			);
			path = Chat;
			sourceTree = "<group>";
		};
		25FCC8DC2BDE2DC20086FCBF /* Search */ = {
			isa = PBXGroup;
			children = (
				25FCC8DD2BDE2DC70086FCBF /* SearchView.swift */,
				2508930E2BE368EE00AD9503 /* SearchViewModel.swift */,
				250893102BE36A4300AD9503 /* SearchBar.swift */,
				250893182BE375DB00AD9503 /* RecentSearchView.swift */,
			);
			path = Search;
			sourceTree = "<group>";
		};
		25FCC8FB2BE0F29D0086FCBF /* Subview */ = {
			isa = PBXGroup;
			children = (
				25FCC8ED2BE0DE860086FCBF /* ChatItemView.swift */,
				25FCC8EF2BE0DEA20086FCBF /* ChatItemDirection.swift */,
				25FCC8F12BE0E3AB0086FCBF /* KeyboardToolbar.swift */,
				25FCC8F92BE0F2980086FCBF /* ChatImageItemView.swift */,
			);
			path = Subview;
			sourceTree = "<group>";
		};
		723ABD7A2AFFF1B800C260F1 = {
			isa = PBXGroup;
			children = (
				723ABD852AFFF1B800C260F1 /* LMessenger */,
				723ABD962AFFF1B900C260F1 /* LMessengerTests */,
				723ABD842AFFF1B800C260F1 /* Products */,
				25FCC87B2BDA43B70086FCBF /* Frameworks */,
			);
			sourceTree = "<group>";
		};
		723ABD842AFFF1B800C260F1 /* Products */ = {
			isa = PBXGroup;
			children = (
				723ABD832AFFF1B800C260F1 /* LMessenger.app */,
				723ABD932AFFF1B900C260F1 /* LMessengerTests.xctest */,
			);
			name = Products;
			sourceTree = "<group>";
		};
		723ABD852AFFF1B800C260F1 /* LMessenger */ = {
			isa = PBXGroup;
			children = (
				25FCC86B2BDA27930086FCBF /* LMessenger.entitlements */,
				723ABD862AFFF1B800C260F1 /* LMessengerApp.swift */,
				25D7F8662BD7FD7800D35316 /* AppDelegate.swift */,
				25D7F8562BD7AD7800D35316 /* General */,
				2596A5632BE4C16D00332DE9 /* Dependency */,
				25D7F85C2BD7AE2900D35316 /* View */,
				25FCC8D92BDE2DB90086FCBF /* Chat */,
				25D7F87A2BD9224500D35316 /* Model */,
				25D7F8592BD7ADB500D35316 /* Service */,
				25FCC87E2BDA46400086FCBF /* Repository */,
				25FCC8B12BDE12540086FCBF /* Provider */,
				25FCC8832BDA47760086FCBF /* DTO */,
				25FCC86C2BDA297D0086FCBF /* Util */,
				72E4BEFA2B00B871007A1060 /* Extension */,
				723ABDB02AFFF1D800C260F1 /* Resource */,
				723ABD8C2AFFF1B900C260F1 /* Preview Content */,
				25D7F86A2BD7FE8800D35316 /* Info.plist */,
				25FCC8962BDAA13C0086FCBF /* GoogleService-Info.plist */,
			);
			path = LMessenger;
			sourceTree = "<group>";
		};
		723ABD8C2AFFF1B900C260F1 /* Preview Content */ = {
			isa = PBXGroup;
			children = (
				723ABD8D2AFFF1B900C260F1 /* Preview Assets.xcassets */,
			);
			path = "Preview Content";
			sourceTree = "<group>";
		};
		723ABD962AFFF1B900C260F1 /* LMessengerTests */ = {
			isa = PBXGroup;
			children = (
				25AE5B102BE4D21100697990 /* ViewModel */,
				25AE5B0D2BE4D05F00697990 /* Service */,
				2596A56B2BE4CB5900332DE9 /* Repository */,
			);
			path = LMessengerTests;
			sourceTree = "<group>";
		};
		723ABDB02AFFF1D800C260F1 /* Resource */ = {
			isa = PBXGroup;
			children = (
				25D7F8542BD7ACDB00D35316 /* LaunchScreen.storyboard */,
				723ABD8A2AFFF1B900C260F1 /* Assets.xcassets */,
				723ABDB12AFFF1F000C260F1 /* Colors.xcassets */,
				250893122BE3746300AD9503 /* Search.xcdatamodeld */,
			);
			path = Resource;
			sourceTree = "<group>";
		};
		72E4BEFA2B00B871007A1060 /* Extension */ = {
			isa = PBXGroup;
			children = (
				72E4BEFB2B00B871007A1060 /* Color+Extension.swift */,
				25FCC8EB2BE0DC730086FCBF /* Date+Extension.swift */,
			);
			path = Extension;
			sourceTree = "<group>";
		};
/* End PBXGroup section */

/* Begin PBXNativeTarget section */
		723ABD822AFFF1B800C260F1 /* LMessenger */ = {
			isa = PBXNativeTarget;
			buildConfigurationList = 723ABDA72AFFF1B900C260F1 /* Build configuration list for PBXNativeTarget "LMessenger" */;
			buildPhases = (
				723ABD7F2AFFF1B800C260F1 /* Sources */,
				723ABD802AFFF1B800C260F1 /* Frameworks */,
				723ABD812AFFF1B800C260F1 /* Resources */,
			);
			buildRules = (
			);
			dependencies = (
			);
			name = LMessenger;
			packageProductDependencies = (
				25D7F8642BD7F79400D35316 /* FirebaseAuth */,
				25D7F8782BD920A400D35316 /* GoogleSignIn */,
				25FCC87C2BDA43B70086FCBF /* FirebaseDatabase */,
				25FCC8AD2BDE122A0086FCBF /* FirebaseStorage */,
				25FCC8AF2BDE122A0086FCBF /* FirebaseStorageCombine-Community */,
				250893062BE266EA00AD9503 /* FirebaseMessaging */,
			);
			productName = LMessenger;
			productReference = 723ABD832AFFF1B800C260F1 /* LMessenger.app */;
			productType = "com.apple.product-type.application";
		};
		723ABD922AFFF1B900C260F1 /* LMessengerTests */ = {
			isa = PBXNativeTarget;
			buildConfigurationList = 723ABDAA2AFFF1B900C260F1 /* Build configuration list for PBXNativeTarget "LMessengerTests" */;
			buildPhases = (
				723ABD8F2AFFF1B900C260F1 /* Sources */,
				723ABD902AFFF1B900C260F1 /* Frameworks */,
				723ABD912AFFF1B900C260F1 /* Resources */,
			);
			buildRules = (
			);
			dependencies = (
				723ABD952AFFF1B900C260F1 /* PBXTargetDependency */,
			);
			name = LMessengerTests;
			packageProductDependencies = (
			);
			productName = LMessengerTests;
			productReference = 723ABD932AFFF1B900C260F1 /* LMessengerTests.xctest */;
			productType = "com.apple.product-type.bundle.unit-test";
		};
/* End PBXNativeTarget section */

/* Begin PBXProject section */
		723ABD7B2AFFF1B800C260F1 /* Project object */ = {
			isa = PBXProject;
			attributes = {
				BuildIndependentTargetsInParallel = 1;
				LastSwiftUpdateCheck = 1430;
				LastUpgradeCheck = 1530;
				TargetAttributes = {
					723ABD822AFFF1B800C260F1 = {
						CreatedOnToolsVersion = 14.3;
					};
					723ABD922AFFF1B900C260F1 = {
						CreatedOnToolsVersion = 14.3;
						TestTargetID = 723ABD822AFFF1B800C260F1;
					};
				};
			};
			buildConfigurationList = 723ABD7E2AFFF1B800C260F1 /* Build configuration list for PBXProject "LMessenger" */;
			compatibilityVersion = "Xcode 14.0";
			developmentRegion = en;
			hasScannedForEncodings = 0;
			knownRegions = (
				en,
				Base,
			);
			mainGroup = 723ABD7A2AFFF1B800C260F1;
			packageReferences = (
				25D7F8632BD7F79400D35316 /* XCRemoteSwiftPackageReference "firebase-ios-sdk" */,
				25D7F8772BD920A400D35316 /* XCRemoteSwiftPackageReference "GoogleSignIn-iOS" */,
			);
			productRefGroup = 723ABD842AFFF1B800C260F1 /* Products */;
			projectDirPath = "";
			projectRoot = "";
			targets = (
				723ABD822AFFF1B800C260F1 /* LMessenger */,
				723ABD922AFFF1B900C260F1 /* LMessengerTests */,
			);
		};
/* End PBXProject section */

/* Begin PBXResourcesBuildPhase section */
		723ABD812AFFF1B800C260F1 /* Resources */ = {
			isa = PBXResourcesBuildPhase;
			buildActionMask = 2147483647;
			files = (
				723ABDB22AFFF1F000C260F1 /* Colors.xcassets in Resources */,
				25FCC8972BDAA13C0086FCBF /* GoogleService-Info.plist in Resources */,
				723ABD8E2AFFF1B900C260F1 /* Preview Assets.xcassets in Resources */,
				723ABD8B2AFFF1B900C260F1 /* Assets.xcassets in Resources */,
				25D7F8552BD7ACDB00D35316 /* LaunchScreen.storyboard in Resources */,
			);
			runOnlyForDeploymentPostprocessing = 0;
		};
		723ABD912AFFF1B900C260F1 /* Resources */ = {
			isa = PBXResourcesBuildPhase;
			buildActionMask = 2147483647;
			files = (
			);
			runOnlyForDeploymentPostprocessing = 0;
		};
/* End PBXResourcesBuildPhase section */

/* Begin PBXSourcesBuildPhase section */
		723ABD7F2AFFF1B800C260F1 /* Sources */ = {
			isa = PBXSourcesBuildPhase;
			buildActionMask = 2147483647;
			files = (
				25FCC8872BDA47C00086FCBF /* DBError.swift in Sources */,
				25D7F87C2BD9225100D35316 /* User.swift in Sources */,
				25FCC8722BDA3B790086FCBF /* MainTabType.swift in Sources */,
				25FCC8A92BDE0E680086FCBF /* PhotoPickerService.swift in Sources */,
				2508930F2BE368EE00AD9503 /* SearchViewModel.swift in Sources */,
				25D7F8702BD8003E00D35316 /* LoginIntroView.swift in Sources */,
				25FCC8B92BDE13B80086FCBF /* UploadSourceType.swift in Sources */,
				25FCC8852BDA477E0086FCBF /* UserObject.swift in Sources */,
				2596A5682BE4C47000332DE9 /* DBReference.swift in Sources */,
				25FCC8932BDA96100086FCBF /* ErrorView.swift in Sources */,
				25FCC8912BDA95C50086FCBF /* LoadingView.swift in Sources */,
				25FCC88B2BDA94FA0086FCBF /* Phase.swift in Sources */,
				250893242BE38E1000AD9503 /* AppearanceType.swift in Sources */,
				25FCC8D32BDE2A2A0086FCBF /* ChatRoom.swift in Sources */,
				25FCC8FA2BE0F2980086FCBF /* ChatImageItemView.swift in Sources */,
				25FCC8EA2BE0DBFF0086FCBF /* ChatData.swift in Sources */,
				25FCC8A12BDBE1B80086FCBF /* ContactService.swift in Sources */,
				25FCC87A2BDA3DE80086FCBF /* HomeViewModel.swift in Sources */,
				25FCC8F62BE0E8250086FCBF /* ChatObject.swift in Sources */,
				25D7F85F2BD7AE4500D35316 /* AuthenticationViewModel.swift in Sources */,
				25FCC88E2BDA959A0086FCBF /* PlaceholderView.swift in Sources */,
				25FCC8BB2BDE17FD0086FCBF /* ImageCacheService.swift in Sources */,
				250893172BE374C300AD9503 /* SearchDataController.swift in Sources */,
				25FCC8992BDAA57C0086FCBF /* HomeModalDestination.swift in Sources */,
				25FCC8CD2BDE26A00086FCBF /* ChatRoomDBRepository.swift in Sources */,
				25D7F85B2BD7ADC700D35316 /* Services.swift in Sources */,
				25FCC8B32BDE126D0086FCBF /* UploadProvider.swift in Sources */,
				25FCC8822BDA467C0086FCBF /* UserService.swift in Sources */,
				250893142BE3746300AD9503 /* Search.xcdatamodeld in Sources */,
				25FCC8C92BDE233E0086FCBF /* OtherProfileViewModel.swift in Sources */,
				25FCC8EE2BE0DE860086FCBF /* ChatItemView.swift in Sources */,
				25FCC8802BDA46500086FCBF /* UserDBRepository.swift in Sources */,
				25FCC8C02BDE190F0086FCBF /* DiskStorage.swift in Sources */,
				25D7F8582BD7AD8700D35316 /* DIContainer.swift in Sources */,
				723ABD892AFFF1B800C260F1 /* AuthenticatedView.swift in Sources */,
				25FCC8F22BE0E3AB0086FCBF /* KeyboardToolbar.swift in Sources */,
				250893112BE36A4300AD9503 /* SearchBar.swift in Sources */,
				25FCC8D82BDE2C860086FCBF /* NavigationRouter.swift in Sources */,
				25D7F8672BD7FD7800D35316 /* AppDelegate.swift in Sources */,
				250893192BE375DB00AD9503 /* RecentSearchView.swift in Sources */,
				25FCC8782BDA3C570086FCBF /* ChatListView.swift in Sources */,
				72E4BEFC2B00B871007A1060 /* Color+Extension.swift in Sources */,
				25FCC8E42BDE36990086FCBF /* NavigationRoutingView.swift in Sources */,
				25FCC8AC2BDE0F670086FCBF /* PhotoImage.swift in Sources */,
				25FCC8752BDA3C4D0086FCBF /* HomeView.swift in Sources */,
				25FCC8A32BDD1EEF0086FCBF /* MyProfileViewModel.swift in Sources */,
				25D7F8762BD8031E00D35316 /* LoginButtonStyle.swift in Sources */,
				250893092BE268E700AD9503 /* PushNotificationService.swift in Sources */,
				25FCC8CB2BDE24D70086FCBF /* OtherProfileMenuType.swift in Sources */,
				25FCC8892BDA497F0086FCBF /* Constant.swift in Sources */,
				2508930D2BE2763F00AD9503 /* PushObject.swift in Sources */,
				25FCC8B62BDE13410086FCBF /* UploadService.swift in Sources */,
				250893202BE38C1200AD9503 /* SettingItem.swift in Sources */,
				25FCC8DB2BDE2DBE0086FCBF /* ChatView.swift in Sources */,
				25FCC8C22BDE1E4D0086FCBF /* URLImageView.swift in Sources */,
				723ABD872AFFF1B800C260F1 /* LMessengerApp.swift in Sources */,
				2508931C2BE38C0100AD9503 /* SettingView.swift in Sources */,
				25D7F8742BD8028A00D35316 /* LoginView.swift in Sources */,
				25FCC8BE2BDE185D0086FCBF /* MemoryStorage.swift in Sources */,
				25FCC8F42BE0E7AB0086FCBF /* ChatDBRepository.swift in Sources */,
				25FCC8CF2BDE27020086FCBF /* ChatRoomObject.swift in Sources */,
				25FCC8F02BE0DEA20086FCBF /* ChatItemDirection.swift in Sources */,
				25FCC86F2BDA29A50086FCBF /* SHA256.swift in Sources */,
				25D7F86C2BD7FED900D35316 /* AuthenticationService.swift in Sources */,
				25FCC8E22BDE35E90086FCBF /* SearchButton.swift in Sources */,
				25FCC8702BDA29A50086FCBF /* RandomNonceString.swift in Sources */,
				25D7F87E2BD9229C00D35316 /* ServiceError.swift in Sources */,
				25FCC89D2BDAA6340086FCBF /* MyProfileView.swift in Sources */,
				25D7F8722BD8005B00D35316 /* MainTabView.swift in Sources */,
				25FCC8C52BDE1E780086FCBF /* URLImageViewModel.swift in Sources */,
				25FCC8EC2BE0DC730086FCBF /* Date+Extension.swift in Sources */,
				25FCC8D62BDE2C710086FCBF /* NavigationDestination.swift in Sources */,
				25FCC8E02BDE34940086FCBF /* ChatListViewModel.swift in Sources */,
				25FCC8D12BDE29860086FCBF /* ChatRoomService.swift in Sources */,
				2596A5662BE4C39300332DE9 /* ObservableObjectSettable.swift in Sources */,
				25FCC8F82BE0E98C0086FCBF /* ChatService.swift in Sources */,
				25FCC8E82BE0DB660086FCBF /* Chat.swift in Sources */,
				25FCC8DE2BDE2DC70086FCBF /* SearchView.swift in Sources */,
				2508930B2BE275F400AD9503 /* PushNotificationProvider.swift in Sources */,
				2508931E2BE38C0800AD9503 /* SettingViewModel.swift in Sources */,
				250893262BE38E7D00AD9503 /* AppearanceController.swift in Sources */,
				25FCC8A72BDD26770086FCBF /* MyProfileDescEditView.swift in Sources */,
				25FCC8A52BDD211C0086FCBF /* MyProfileMenuType.swift in Sources */,
				25FCC8E62BE0D9510086FCBF /* ChatViewModel.swift in Sources */,
				25FCC89F2BDAA63C0086FCBF /* OtherProfileView.swift in Sources */,
			);
			runOnlyForDeploymentPostprocessing = 0;
		};
		723ABD8F2AFFF1B900C260F1 /* Sources */ = {
			isa = PBXSourcesBuildPhase;
			buildActionMask = 2147483647;
			files = (
				25AE5B0F2BE4D07100697990 /* ChatRoomServiceTests.swift in Sources */,
				25AE5B122BE4D21B00697990 /* ChatViewModelTests.swift in Sources */,
				2596A56A2BE4CB4800332DE9 /* UserDBRepositoryTests.swift in Sources */,
			);
			runOnlyForDeploymentPostprocessing = 0;
		};
/* End PBXSourcesBuildPhase section */

/* Begin PBXTargetDependency section */
		723ABD952AFFF1B900C260F1 /* PBXTargetDependency */ = {
			isa = PBXTargetDependency;
			target = 723ABD822AFFF1B800C260F1 /* LMessenger */;
			targetProxy = 723ABD942AFFF1B900C260F1 /* PBXContainerItemProxy */;
		};
/* End PBXTargetDependency section */

/* Begin XCBuildConfiguration section */
		723ABDA52AFFF1B900C260F1 /* Debug */ = {
			isa = XCBuildConfiguration;
			buildSettings = {
				ALWAYS_SEARCH_USER_PATHS = NO;
				CLANG_ANALYZER_NONNULL = YES;
				CLANG_ANALYZER_NUMBER_OBJECT_CONVERSION = YES_AGGRESSIVE;
				CLANG_CXX_LANGUAGE_STANDARD = "gnu++20";
				CLANG_ENABLE_MODULES = YES;
				CLANG_ENABLE_OBJC_ARC = YES;
				CLANG_ENABLE_OBJC_WEAK = YES;
				CLANG_WARN_BLOCK_CAPTURE_AUTORELEASING = YES;
				CLANG_WARN_BOOL_CONVERSION = YES;
				CLANG_WARN_COMMA = YES;
				CLANG_WARN_CONSTANT_CONVERSION = YES;
				CLANG_WARN_DEPRECATED_OBJC_IMPLEMENTATIONS = YES;
				CLANG_WARN_DIRECT_OBJC_ISA_USAGE = YES_ERROR;
				CLANG_WARN_DOCUMENTATION_COMMENTS = YES;
				CLANG_WARN_EMPTY_BODY = YES;
				CLANG_WARN_ENUM_CONVERSION = YES;
				CLANG_WARN_INFINITE_RECURSION = YES;
				CLANG_WARN_INT_CONVERSION = YES;
				CLANG_WARN_NON_LITERAL_NULL_CONVERSION = YES;
				CLANG_WARN_OBJC_IMPLICIT_RETAIN_SELF = YES;
				CLANG_WARN_OBJC_LITERAL_CONVERSION = YES;
				CLANG_WARN_OBJC_ROOT_CLASS = YES_ERROR;
				CLANG_WARN_QUOTED_INCLUDE_IN_FRAMEWORK_HEADER = YES;
				CLANG_WARN_RANGE_LOOP_ANALYSIS = YES;
				CLANG_WARN_STRICT_PROTOTYPES = YES;
				CLANG_WARN_SUSPICIOUS_MOVE = YES;
				CLANG_WARN_UNGUARDED_AVAILABILITY = YES_AGGRESSIVE;
				CLANG_WARN_UNREACHABLE_CODE = YES;
				CLANG_WARN__DUPLICATE_METHOD_MATCH = YES;
				COPY_PHASE_STRIP = NO;
				DEBUG_INFORMATION_FORMAT = dwarf;
				ENABLE_STRICT_OBJC_MSGSEND = YES;
				ENABLE_TESTABILITY = YES;
				ENABLE_USER_SCRIPT_SANDBOXING = YES;
				GCC_C_LANGUAGE_STANDARD = gnu11;
				GCC_DYNAMIC_NO_PIC = NO;
				GCC_NO_COMMON_BLOCKS = YES;
				GCC_OPTIMIZATION_LEVEL = 0;
				GCC_PREPROCESSOR_DEFINITIONS = (
					"DEBUG=1",
					"$(inherited)",
				);
				GCC_WARN_64_TO_32_BIT_CONVERSION = YES;
				GCC_WARN_ABOUT_RETURN_TYPE = YES_ERROR;
				GCC_WARN_UNDECLARED_SELECTOR = YES;
				GCC_WARN_UNINITIALIZED_AUTOS = YES_AGGRESSIVE;
				GCC_WARN_UNUSED_FUNCTION = YES;
				GCC_WARN_UNUSED_VARIABLE = YES;
				IPHONEOS_DEPLOYMENT_TARGET = 16.0;
				MTL_ENABLE_DEBUG_INFO = INCLUDE_SOURCE;
				MTL_FAST_MATH = YES;
				ONLY_ACTIVE_ARCH = YES;
				SDKROOT = iphoneos;
				SWIFT_ACTIVE_COMPILATION_CONDITIONS = DEBUG;
				SWIFT_OPTIMIZATION_LEVEL = "-Onone";
			};
			name = Debug;
		};
		723ABDA62AFFF1B900C260F1 /* Release */ = {
			isa = XCBuildConfiguration;
			buildSettings = {
				ALWAYS_SEARCH_USER_PATHS = NO;
				CLANG_ANALYZER_NONNULL = YES;
				CLANG_ANALYZER_NUMBER_OBJECT_CONVERSION = YES_AGGRESSIVE;
				CLANG_CXX_LANGUAGE_STANDARD = "gnu++20";
				CLANG_ENABLE_MODULES = YES;
				CLANG_ENABLE_OBJC_ARC = YES;
				CLANG_ENABLE_OBJC_WEAK = YES;
				CLANG_WARN_BLOCK_CAPTURE_AUTORELEASING = YES;
				CLANG_WARN_BOOL_CONVERSION = YES;
				CLANG_WARN_COMMA = YES;
				CLANG_WARN_CONSTANT_CONVERSION = YES;
				CLANG_WARN_DEPRECATED_OBJC_IMPLEMENTATIONS = YES;
				CLANG_WARN_DIRECT_OBJC_ISA_USAGE = YES_ERROR;
				CLANG_WARN_DOCUMENTATION_COMMENTS = YES;
				CLANG_WARN_EMPTY_BODY = YES;
				CLANG_WARN_ENUM_CONVERSION = YES;
				CLANG_WARN_INFINITE_RECURSION = YES;
				CLANG_WARN_INT_CONVERSION = YES;
				CLANG_WARN_NON_LITERAL_NULL_CONVERSION = YES;
				CLANG_WARN_OBJC_IMPLICIT_RETAIN_SELF = YES;
				CLANG_WARN_OBJC_LITERAL_CONVERSION = YES;
				CLANG_WARN_OBJC_ROOT_CLASS = YES_ERROR;
				CLANG_WARN_QUOTED_INCLUDE_IN_FRAMEWORK_HEADER = YES;
				CLANG_WARN_RANGE_LOOP_ANALYSIS = YES;
				CLANG_WARN_STRICT_PROTOTYPES = YES;
				CLANG_WARN_SUSPICIOUS_MOVE = YES;
				CLANG_WARN_UNGUARDED_AVAILABILITY = YES_AGGRESSIVE;
				CLANG_WARN_UNREACHABLE_CODE = YES;
				CLANG_WARN__DUPLICATE_METHOD_MATCH = YES;
				COPY_PHASE_STRIP = NO;
				DEBUG_INFORMATION_FORMAT = "dwarf-with-dsym";
				ENABLE_NS_ASSERTIONS = NO;
				ENABLE_STRICT_OBJC_MSGSEND = YES;
				ENABLE_USER_SCRIPT_SANDBOXING = YES;
				GCC_C_LANGUAGE_STANDARD = gnu11;
				GCC_NO_COMMON_BLOCKS = YES;
				GCC_WARN_64_TO_32_BIT_CONVERSION = YES;
				GCC_WARN_ABOUT_RETURN_TYPE = YES_ERROR;
				GCC_WARN_UNDECLARED_SELECTOR = YES;
				GCC_WARN_UNINITIALIZED_AUTOS = YES_AGGRESSIVE;
				GCC_WARN_UNUSED_FUNCTION = YES;
				GCC_WARN_UNUSED_VARIABLE = YES;
				IPHONEOS_DEPLOYMENT_TARGET = 16.0;
				MTL_ENABLE_DEBUG_INFO = NO;
				MTL_FAST_MATH = YES;
				SDKROOT = iphoneos;
				SWIFT_COMPILATION_MODE = wholemodule;
				SWIFT_OPTIMIZATION_LEVEL = "-O";
				VALIDATE_PRODUCT = YES;
			};
			name = Release;
		};
		723ABDA82AFFF1B900C260F1 /* Debug */ = {
			isa = XCBuildConfiguration;
			buildSettings = {
				ASSETCATALOG_COMPILER_APPICON_NAME = AppIcon;
				ASSETCATALOG_COMPILER_GLOBAL_ACCENT_COLOR_NAME = AccentColor;
				CODE_SIGN_ENTITLEMENTS = LMessenger/LMessenger.entitlements;
				CODE_SIGN_STYLE = Automatic;
				CURRENT_PROJECT_VERSION = 1;
				DEVELOPMENT_ASSET_PATHS = "\"LMessenger/Preview Content\"";
				DEVELOPMENT_TEAM = 94L65Y4872;
				ENABLE_PREVIEWS = YES;
				GENERATE_INFOPLIST_FILE = YES;
				INFOPLIST_FILE = LMessenger/Info.plist;
				INFOPLIST_KEY_NSContactsUsageDescription = "친구 목록을 가져옵니다.";
				INFOPLIST_KEY_UIApplicationSceneManifest_Generation = YES;
				INFOPLIST_KEY_UIApplicationSupportsIndirectInputEvents = YES;
				INFOPLIST_KEY_UILaunchStoryboardName = LaunchScreen;
				INFOPLIST_KEY_UISupportedInterfaceOrientations_iPad = "UIInterfaceOrientationPortrait UIInterfaceOrientationPortraitUpsideDown UIInterfaceOrientationLandscapeLeft UIInterfaceOrientationLandscapeRight";
				INFOPLIST_KEY_UISupportedInterfaceOrientations_iPhone = "UIInterfaceOrientationPortrait UIInterfaceOrientationLandscapeLeft UIInterfaceOrientationLandscapeRight";
				IPHONEOS_DEPLOYMENT_TARGET = 16.0;
				LD_RUNPATH_SEARCH_PATHS = (
					"$(inherited)",
					"@executable_path/Frameworks",
				);
				MARKETING_VERSION = 1.0;
				PRODUCT_BUNDLE_IDENTIFIER = com.cnj.fastcampus.LMessenger;
				PRODUCT_NAME = "$(TARGET_NAME)";
				SWIFT_EMIT_LOC_STRINGS = YES;
				SWIFT_VERSION = 5.0;
				TARGETED_DEVICE_FAMILY = "1,2";
			};
			name = Debug;
		};
		723ABDA92AFFF1B900C260F1 /* Release */ = {
			isa = XCBuildConfiguration;
			buildSettings = {
				ASSETCATALOG_COMPILER_APPICON_NAME = AppIcon;
				ASSETCATALOG_COMPILER_GLOBAL_ACCENT_COLOR_NAME = AccentColor;
				CODE_SIGN_ENTITLEMENTS = LMessenger/LMessenger.entitlements;
				CODE_SIGN_STYLE = Automatic;
				CURRENT_PROJECT_VERSION = 1;
				DEVELOPMENT_ASSET_PATHS = "\"LMessenger/Preview Content\"";
				DEVELOPMENT_TEAM = 94L65Y4872;
				ENABLE_PREVIEWS = YES;
				GENERATE_INFOPLIST_FILE = YES;
				INFOPLIST_FILE = LMessenger/Info.plist;
				INFOPLIST_KEY_NSContactsUsageDescription = "친구 목록을 가져옵니다.";
				INFOPLIST_KEY_UIApplicationSceneManifest_Generation = YES;
				INFOPLIST_KEY_UIApplicationSupportsIndirectInputEvents = YES;
				INFOPLIST_KEY_UILaunchStoryboardName = LaunchScreen;
				INFOPLIST_KEY_UISupportedInterfaceOrientations_iPad = "UIInterfaceOrientationPortrait UIInterfaceOrientationPortraitUpsideDown UIInterfaceOrientationLandscapeLeft UIInterfaceOrientationLandscapeRight";
				INFOPLIST_KEY_UISupportedInterfaceOrientations_iPhone = "UIInterfaceOrientationPortrait UIInterfaceOrientationLandscapeLeft UIInterfaceOrientationLandscapeRight";
				IPHONEOS_DEPLOYMENT_TARGET = 16.0;
				LD_RUNPATH_SEARCH_PATHS = (
					"$(inherited)",
					"@executable_path/Frameworks",
				);
				MARKETING_VERSION = 1.0;
				PRODUCT_BUNDLE_IDENTIFIER = com.cnj.fastcampus.LMessenger;
				PRODUCT_NAME = "$(TARGET_NAME)";
				SWIFT_EMIT_LOC_STRINGS = YES;
				SWIFT_VERSION = 5.0;
				TARGETED_DEVICE_FAMILY = "1,2";
			};
			name = Release;
		};
		723ABDAB2AFFF1B900C260F1 /* Debug */ = {
			isa = XCBuildConfiguration;
			buildSettings = {
				ALWAYS_EMBED_SWIFT_STANDARD_LIBRARIES = YES;
				BUNDLE_LOADER = "$(TEST_HOST)";
				CODE_SIGN_STYLE = Automatic;
				CURRENT_PROJECT_VERSION = 1;
				DEVELOPMENT_TEAM = 3TJC44V5L9;
				GENERATE_INFOPLIST_FILE = YES;
				IPHONEOS_DEPLOYMENT_TARGET = 16.0;
				MARKETING_VERSION = 1.0;
				PRODUCT_BUNDLE_IDENTIFIER = com.fastcampus.LMessengerTests;
				PRODUCT_NAME = "$(TARGET_NAME)";
				SWIFT_EMIT_LOC_STRINGS = NO;
				SWIFT_VERSION = 5.0;
				TARGETED_DEVICE_FAMILY = "1,2";
				TEST_HOST = "$(BUILT_PRODUCTS_DIR)/LMessenger.app/$(BUNDLE_EXECUTABLE_FOLDER_PATH)/LMessenger";
			};
			name = Debug;
		};
		723ABDAC2AFFF1B900C260F1 /* Release */ = {
			isa = XCBuildConfiguration;
			buildSettings = {
				ALWAYS_EMBED_SWIFT_STANDARD_LIBRARIES = YES;
				BUNDLE_LOADER = "$(TEST_HOST)";
				CODE_SIGN_STYLE = Automatic;
				CURRENT_PROJECT_VERSION = 1;
				DEVELOPMENT_TEAM = 3TJC44V5L9;
				GENERATE_INFOPLIST_FILE = YES;
				IPHONEOS_DEPLOYMENT_TARGET = 16.0;
				MARKETING_VERSION = 1.0;
				PRODUCT_BUNDLE_IDENTIFIER = com.fastcampus.LMessengerTests;
				PRODUCT_NAME = "$(TARGET_NAME)";
				SWIFT_EMIT_LOC_STRINGS = NO;
				SWIFT_VERSION = 5.0;
				TARGETED_DEVICE_FAMILY = "1,2";
				TEST_HOST = "$(BUILT_PRODUCTS_DIR)/LMessenger.app/$(BUNDLE_EXECUTABLE_FOLDER_PATH)/LMessenger";
			};
			name = Release;
		};
/* End XCBuildConfiguration section */

/* Begin XCConfigurationList section */
		723ABD7E2AFFF1B800C260F1 /* Build configuration list for PBXProject "LMessenger" */ = {
			isa = XCConfigurationList;
			buildConfigurations = (
				723ABDA52AFFF1B900C260F1 /* Debug */,
				723ABDA62AFFF1B900C260F1 /* Release */,
			);
			defaultConfigurationIsVisible = 0;
			defaultConfigurationName = Release;
		};
		723ABDA72AFFF1B900C260F1 /* Build configuration list for PBXNativeTarget "LMessenger" */ = {
			isa = XCConfigurationList;
			buildConfigurations = (
				723ABDA82AFFF1B900C260F1 /* Debug */,
				723ABDA92AFFF1B900C260F1 /* Release */,
			);
			defaultConfigurationIsVisible = 0;
			defaultConfigurationName = Release;
		};
		723ABDAA2AFFF1B900C260F1 /* Build configuration list for PBXNativeTarget "LMessengerTests" */ = {
			isa = XCConfigurationList;
			buildConfigurations = (
				723ABDAB2AFFF1B900C260F1 /* Debug */,
				723ABDAC2AFFF1B900C260F1 /* Release */,
			);
			defaultConfigurationIsVisible = 0;
			defaultConfigurationName = Release;
		};
/* End XCConfigurationList section */

/* Begin XCRemoteSwiftPackageReference section */
		25D7F8632BD7F79400D35316 /* XCRemoteSwiftPackageReference "firebase-ios-sdk" */ = {
			isa = XCRemoteSwiftPackageReference;
			repositoryURL = "https://github.com/firebase/firebase-ios-sdk";
			requirement = {
				kind = upToNextMajorVersion;
				minimumVersion = 10.24.0;
			};
		};
		25D7F8772BD920A400D35316 /* XCRemoteSwiftPackageReference "GoogleSignIn-iOS" */ = {
			isa = XCRemoteSwiftPackageReference;
			repositoryURL = "https://github.com/google/GoogleSignIn-iOS";
			requirement = {
				kind = upToNextMajorVersion;
				minimumVersion = 7.1.0;
			};
		};
/* End XCRemoteSwiftPackageReference section */

/* Begin XCSwiftPackageProductDependency section */
		250893062BE266EA00AD9503 /* FirebaseMessaging */ = {
			isa = XCSwiftPackageProductDependency;
			package = 25D7F8632BD7F79400D35316 /* XCRemoteSwiftPackageReference "firebase-ios-sdk" */;
			productName = FirebaseMessaging;
		};
		25D7F8642BD7F79400D35316 /* FirebaseAuth */ = {
			isa = XCSwiftPackageProductDependency;
			package = 25D7F8632BD7F79400D35316 /* XCRemoteSwiftPackageReference "firebase-ios-sdk" */;
			productName = FirebaseAuth;
		};
		25D7F8782BD920A400D35316 /* GoogleSignIn */ = {
			isa = XCSwiftPackageProductDependency;
			package = 25D7F8772BD920A400D35316 /* XCRemoteSwiftPackageReference "GoogleSignIn-iOS" */;
			productName = GoogleSignIn;
		};
		25FCC87C2BDA43B70086FCBF /* FirebaseDatabase */ = {
			isa = XCSwiftPackageProductDependency;
			package = 25D7F8632BD7F79400D35316 /* XCRemoteSwiftPackageReference "firebase-ios-sdk" */;
			productName = FirebaseDatabase;
		};
		25FCC8AD2BDE122A0086FCBF /* FirebaseStorage */ = {
			isa = XCSwiftPackageProductDependency;
			package = 25D7F8632BD7F79400D35316 /* XCRemoteSwiftPackageReference "firebase-ios-sdk" */;
			productName = FirebaseStorage;
		};
		25FCC8AF2BDE122A0086FCBF /* FirebaseStorageCombine-Community */ = {
			isa = XCSwiftPackageProductDependency;
			package = 25D7F8632BD7F79400D35316 /* XCRemoteSwiftPackageReference "firebase-ios-sdk" */;
			productName = "FirebaseStorageCombine-Community";
		};
/* End XCSwiftPackageProductDependency section */

/* Begin XCVersionGroup section */
		250893122BE3746300AD9503 /* Search.xcdatamodeld */ = {
			isa = XCVersionGroup;
			children = (
				250893132BE3746300AD9503 /* Search.xcdatamodel */,
			);
			currentVersion = 250893132BE3746300AD9503 /* Search.xcdatamodel */;
			name = Search.xcdatamodeld;
			path = /Users/nak/Desktop/study/swift/FastCampus/nakalicoubae/Part5.LMessenger/LMessenger/LMessenger/Resource/Search.xcdatamodeld;
			sourceTree = "<group>";
			versionGroupType = wrapper.xcdatamodel;
		};
/* End XCVersionGroup section */
	};
	rootObject = 723ABD7B2AFFF1B800C260F1 /* Project object */;
}
