// !$*UTF8*$!
{
	archiveVersion = 1;
	classes = {
	};
	objectVersion = 56;
	objects = {

/* Begin PBXBuildFile section */
		25CBBB072BB3DF160059458B /* WarmUpApp.swift in Sources */ = {isa = PBXBuildFile; fileRef = 25CBBB062BB3DF160059458B /* WarmUpApp.swift */; };
		25CBBB092BB3DF160059458B /* ContentView.swift in Sources */ = {isa = PBXBuildFile; fileRef = 25CBBB082BB3DF160059458B /* ContentView.swift */; };
		25CBBB0B2BB3DF170059458B /* Assets.xcassets in Resources */ = {isa = PBXBuildFile; fileRef = 25CBBB0A2BB3DF170059458B /* Assets.xcassets */; };
		25CBBB0E2BB3DF170059458B /* Preview Assets.xcassets in Resources */ = {isa = PBXBuildFile; fileRef = 25CBBB0D2BB3DF170059458B /* Preview Assets.xcassets */; };
		25CBBB152BB3E0D80059458B /* SimpleView.swift in Sources */ = {isa = PBXBuildFile; fileRef = 25CBBB142BB3E0D80059458B /* SimpleView.swift */; };
		25CBBB172BB3E2950059458B /* Layout.swift in Sources */ = {isa = PBXBuildFile; fileRef = 25CBBB162BB3E2950059458B /* Layout.swift */; };
		25CBBB1A2BB3E4000059458B /* MyButton.swift in Sources */ = {isa = PBXBuildFile; fileRef = 25CBBB192BB3E4000059458B /* MyButton.swift */; };
		25CBBB1C2BB3E4A90059458B /* MyText.swift in Sources */ = {isa = PBXBuildFile; fileRef = 25CBBB1B2BB3E4A90059458B /* MyText.swift */; };
		25CBBB1E2BB3E6C20059458B /* Onboarding.swift in Sources */ = {isa = PBXBuildFile; fileRef = 25CBBB1D2BB3E6C20059458B /* Onboarding.swift */; };
		25CBBB222BB3ED2C0059458B /* ListLoop.swift in Sources */ = {isa = PBXBuildFile; fileRef = 25CBBB212BB3ED2C0059458B /* ListLoop.swift */; };
/* End PBXBuildFile section */

/* Begin PBXFileReference section */
		25CBBB032BB3DF160059458B /* WarmUp.app */ = {isa = PBXFileReference; explicitFileType = wrapper.application; includeInIndex = 0; path = WarmUp.app; sourceTree = BUILT_PRODUCTS_DIR; };
		25CBBB062BB3DF160059458B /* WarmUpApp.swift */ = {isa = PBXFileReference; lastKnownFileType = sourcecode.swift; path = WarmUpApp.swift; sourceTree = "<group>"; };
		25CBBB082BB3DF160059458B /* ContentView.swift */ = {isa = PBXFileReference; lastKnownFileType = sourcecode.swift; path = ContentView.swift; sourceTree = "<group>"; };
		25CBBB0A2BB3DF170059458B /* Assets.xcassets */ = {isa = PBXFileReference; lastKnownFileType = folder.assetcatalog; path = Assets.xcassets; sourceTree = "<group>"; };
		25CBBB0D2BB3DF170059458B /* Preview Assets.xcassets */ = {isa = PBXFileReference; lastKnownFileType = folder.assetcatalog; path = "Preview Assets.xcassets"; sourceTree = "<group>"; };
		25CBBB142BB3E0D80059458B /* SimpleView.swift */ = {isa = PBXFileReference; lastKnownFileType = sourcecode.swift; path = SimpleView.swift; sourceTree = "<group>"; };
		25CBBB162BB3E2950059458B /* Layout.swift */ = {isa = PBXFileReference; lastKnownFileType = sourcecode.swift; path = Layout.swift; sourceTree = "<group>"; };
		25CBBB192BB3E4000059458B /* MyButton.swift */ = {isa = PBXFileReference; lastKnownFileType = sourcecode.swift; path = MyButton.swift; sourceTree = "<group>"; };
		25CBBB1B2BB3E4A90059458B /* MyText.swift */ = {isa = PBXFileReference; lastKnownFileType = sourcecode.swift; path = MyText.swift; sourceTree = "<group>"; };
		25CBBB1D2BB3E6C20059458B /* Onboarding.swift */ = {isa = PBXFileReference; lastKnownFileType = sourcecode.swift; path = Onboarding.swift; sourceTree = "<group>"; };
		25CBBB212BB3ED2C0059458B /* ListLoop.swift */ = {isa = PBXFileReference; lastKnownFileType = sourcecode.swift; path = ListLoop.swift; sourceTree = "<group>"; };
/* End PBXFileReference section */

/* Begin PBXFrameworksBuildPhase section */
		25CBBB002BB3DF160059458B /* Frameworks */ = {
			isa = PBXFrameworksBuildPhase;
			buildActionMask = 2147483647;
			files = (
			);
			runOnlyForDeploymentPostprocessing = 0;
		};
/* End PBXFrameworksBuildPhase section */

/* Begin PBXGroup section */
		25CBBAFA2BB3DF160059458B = {
			isa = PBXGroup;
			children = (
				25CBBB052BB3DF160059458B /* WarmUp */,
				25CBBB042BB3DF160059458B /* Products */,
			);
			sourceTree = "<group>";
		};
		25CBBB042BB3DF160059458B /* Products */ = {
			isa = PBXGroup;
			children = (
				25CBBB032BB3DF160059458B /* WarmUp.app */,
			);
			name = Products;
			sourceTree = "<group>";
		};
		25CBBB052BB3DF160059458B /* WarmUp */ = {
			isa = PBXGroup;
			children = (
				25CBBB062BB3DF160059458B /* WarmUpApp.swift */,
				25CBBB082BB3DF160059458B /* ContentView.swift */,
				25CBBB182BB3E2A00059458B /* 01 */,
				25CBBB202BB3ED100059458B /* 02 */,
				25CBBB0A2BB3DF170059458B /* Assets.xcassets */,
				25CBBB0C2BB3DF170059458B /* Preview Content */,
			);
			path = WarmUp;
			sourceTree = "<group>";
		};
		25CBBB0C2BB3DF170059458B /* Preview Content */ = {
			isa = PBXGroup;
			children = (
				25CBBB0D2BB3DF170059458B /* Preview Assets.xcassets */,
			);
			path = "Preview Content";
			sourceTree = "<group>";
		};
		25CBBB182BB3E2A00059458B /* 01 */ = {
			isa = PBXGroup;
			children = (
				25CBBB142BB3E0D80059458B /* SimpleView.swift */,
				25CBBB162BB3E2950059458B /* Layout.swift */,
				25CBBB1B2BB3E4A90059458B /* MyText.swift */,
				25CBBB192BB3E4000059458B /* MyButton.swift */,
				25CBBB1D2BB3E6C20059458B /* Onboarding.swift */,
			);
			path = 01;
			sourceTree = "<group>";
		};
		25CBBB202BB3ED100059458B /* 02 */ = {
			isa = PBXGroup;
			children = (
				25CBBB212BB3ED2C0059458B /* ListLoop.swift */,
			);
			path = 02;
			sourceTree = "<group>";
		};
/* End PBXGroup section */

/* Begin PBXNativeTarget section */
		25CBBB022BB3DF160059458B /* WarmUp */ = {
			isa = PBXNativeTarget;
			buildConfigurationList = 25CBBB112BB3DF170059458B /* Build configuration list for PBXNativeTarget "WarmUp" */;
			buildPhases = (
				25CBBAFF2BB3DF160059458B /* Sources */,
				25CBBB002BB3DF160059458B /* Frameworks */,
				25CBBB012BB3DF160059458B /* Resources */,
			);
			buildRules = (
			);
			dependencies = (
			);
			name = WarmUp;
			productName = WarmUp;
			productReference = 25CBBB032BB3DF160059458B /* WarmUp.app */;
			productType = "com.apple.product-type.application";
		};
/* End PBXNativeTarget section */

/* Begin PBXProject section */
		25CBBAFB2BB3DF160059458B /* Project object */ = {
			isa = PBXProject;
			attributes = {
				BuildIndependentTargetsInParallel = 1;
				LastSwiftUpdateCheck = 1530;
				LastUpgradeCheck = 1530;
				TargetAttributes = {
					25CBBB022BB3DF160059458B = {
						CreatedOnToolsVersion = 15.3;
					};
				};
			};
			buildConfigurationList = 25CBBAFE2BB3DF160059458B /* Build configuration list for PBXProject "WarmUp" */;
			compatibilityVersion = "Xcode 14.0";
			developmentRegion = en;
			hasScannedForEncodings = 0;
			knownRegions = (
				en,
				Base,
			);
			mainGroup = 25CBBAFA2BB3DF160059458B;
			productRefGroup = 25CBBB042BB3DF160059458B /* Products */;
			projectDirPath = "";
			projectRoot = "";
			targets = (
				25CBBB022BB3DF160059458B /* WarmUp */,
			);
		};
/* End PBXProject section */

/* Begin PBXResourcesBuildPhase section */
		25CBBB012BB3DF160059458B /* Resources */ = {
			isa = PBXResourcesBuildPhase;
			buildActionMask = 2147483647;
			files = (
				25CBBB0E2BB3DF170059458B /* Preview Assets.xcassets in Resources */,
				25CBBB0B2BB3DF170059458B /* Assets.xcassets in Resources */,
			);
			runOnlyForDeploymentPostprocessing = 0;
		};
/* End PBXResourcesBuildPhase section */

/* Begin PBXSourcesBuildPhase section */
		25CBBAFF2BB3DF160059458B /* Sources */ = {
			isa = PBXSourcesBuildPhase;
			buildActionMask = 2147483647;
			files = (
				25CBBB1C2BB3E4A90059458B /* MyText.swift in Sources */,
				25CBBB092BB3DF160059458B /* ContentView.swift in Sources */,
				25CBBB172BB3E2950059458B /* Layout.swift in Sources */,
				25CBBB1E2BB3E6C20059458B /* Onboarding.swift in Sources */,
				25CBBB1A2BB3E4000059458B /* MyButton.swift in Sources */,
				25CBBB152BB3E0D80059458B /* SimpleView.swift in Sources */,
				25CBBB072BB3DF160059458B /* WarmUpApp.swift in Sources */,
				25CBBB222BB3ED2C0059458B /* ListLoop.swift in Sources */,
			);
			runOnlyForDeploymentPostprocessing = 0;
		};
/* End PBXSourcesBuildPhase section */

/* Begin XCBuildConfiguration section */
		25CBBB0F2BB3DF170059458B /* Debug */ = {
			isa = XCBuildConfiguration;
			buildSettings = {
				ALWAYS_SEARCH_USER_PATHS = NO;
				ASSETCATALOG_COMPILER_GENERATE_SWIFT_ASSET_SYMBOL_EXTENSIONS = YES;
				CLANG_ANALYZER_NONNULL = YES;
				CLANG_ANALYZER_NUMBER_OBJECT_CONVERSION = YES_AGGRESSIVE;
				CLANG_CXX_LANGUAGE_STANDARD = "gnu++20";
				CLANG_ENABLE_MODULES = YES;
				CLANG_ENABLE_OBJC_ARC = YES;
				CLANG_ENABLE_OBJC_WEAK = YES;
				CLANG_WARN_BLOCK_CAPTURE_AUTORELEASING = YES;
				CLANG_WARN_BOOL_CONVERSION = YES;
				CLANG_WARN_COMMA = YES;
				CLANG_WARN_CONSTANT_CONVERSION = YES;
				CLANG_WARN_DEPRECATED_OBJC_IMPLEMENTATIONS = YES;
				CLANG_WARN_DIRECT_OBJC_ISA_USAGE = YES_ERROR;
				CLANG_WARN_DOCUMENTATION_COMMENTS = YES;
				CLANG_WARN_EMPTY_BODY = YES;
				CLANG_WARN_ENUM_CONVERSION = YES;
				CLANG_WARN_INFINITE_RECURSION = YES;
				CLANG_WARN_INT_CONVERSION = YES;
				CLANG_WARN_NON_LITERAL_NULL_CONVERSION = YES;
				CLANG_WARN_OBJC_IMPLICIT_RETAIN_SELF = YES;
				CLANG_WARN_OBJC_LITERAL_CONVERSION = YES;
				CLANG_WARN_OBJC_ROOT_CLASS = YES_ERROR;
				CLANG_WARN_QUOTED_INCLUDE_IN_FRAMEWORK_HEADER = YES;
				CLANG_WARN_RANGE_LOOP_ANALYSIS = YES;
				CLANG_WARN_STRICT_PROTOTYPES = YES;
				CLANG_WARN_SUSPICIOUS_MOVE = YES;
				CLANG_WARN_UNGUARDED_AVAILABILITY = YES_AGGRESSIVE;
				CLANG_WARN_UNREACHABLE_CODE = YES;
				CLANG_WARN__DUPLICATE_METHOD_MATCH = YES;
				COPY_PHASE_STRIP = NO;
				DEBUG_INFORMATION_FORMAT = dwarf;
				ENABLE_STRICT_OBJC_MSGSEND = YES;
				ENABLE_TESTABILITY = YES;
				ENABLE_USER_SCRIPT_SANDBOXING = YES;
				GCC_C_LANGUAGE_STANDARD = gnu17;
				GCC_DYNAMIC_NO_PIC = NO;
				GCC_NO_COMMON_BLOCKS = YES;
				GCC_OPTIMIZATION_LEVEL = 0;
				GCC_PREPROCESSOR_DEFINITIONS = (
					"DEBUG=1",
					"$(inherited)",
				);
				GCC_WARN_64_TO_32_BIT_CONVERSION = YES;
				GCC_WARN_ABOUT_RETURN_TYPE = YES_ERROR;
				GCC_WARN_UNDECLARED_SELECTOR = YES;
				GCC_WARN_UNINITIALIZED_AUTOS = YES_AGGRESSIVE;
				GCC_WARN_UNUSED_FUNCTION = YES;
				GCC_WARN_UNUSED_VARIABLE = YES;
				IPHONEOS_DEPLOYMENT_TARGET = 17.4;
				LOCALIZATION_PREFERS_STRING_CATALOGS = YES;
				MTL_ENABLE_DEBUG_INFO = INCLUDE_SOURCE;
				MTL_FAST_MATH = YES;
				ONLY_ACTIVE_ARCH = YES;
				SDKROOT = iphoneos;
				SWIFT_ACTIVE_COMPILATION_CONDITIONS = "DEBUG $(inherited)";
				SWIFT_OPTIMIZATION_LEVEL = "-Onone";
			};
			name = Debug;
		};
		25CBBB102BB3DF170059458B /* Release */ = {
			isa = XCBuildConfiguration;
			buildSettings = {
				ALWAYS_SEARCH_USER_PATHS = NO;
				ASSETCATALOG_COMPILER_GENERATE_SWIFT_ASSET_SYMBOL_EXTENSIONS = YES;
				CLANG_ANALYZER_NONNULL = YES;
				CLANG_ANALYZER_NUMBER_OBJECT_CONVERSION = YES_AGGRESSIVE;
				CLANG_CXX_LANGUAGE_STANDARD = "gnu++20";
				CLANG_ENABLE_MODULES = YES;
				CLANG_ENABLE_OBJC_ARC = YES;
				CLANG_ENABLE_OBJC_WEAK = YES;
				CLANG_WARN_BLOCK_CAPTURE_AUTORELEASING = YES;
				CLANG_WARN_BOOL_CONVERSION = YES;
				CLANG_WARN_COMMA = YES;
				CLANG_WARN_CONSTANT_CONVERSION = YES;
				CLANG_WARN_DEPRECATED_OBJC_IMPLEMENTATIONS = YES;
				CLANG_WARN_DIRECT_OBJC_ISA_USAGE = YES_ERROR;
				CLANG_WARN_DOCUMENTATION_COMMENTS = YES;
				CLANG_WARN_EMPTY_BODY = YES;
				CLANG_WARN_ENUM_CONVERSION = YES;
				CLANG_WARN_INFINITE_RECURSION = YES;
				CLANG_WARN_INT_CONVERSION = YES;
				CLANG_WARN_NON_LITERAL_NULL_CONVERSION = YES;
				CLANG_WARN_OBJC_IMPLICIT_RETAIN_SELF = YES;
				CLANG_WARN_OBJC_LITERAL_CONVERSION = YES;
				CLANG_WARN_OBJC_ROOT_CLASS = YES_ERROR;
				CLANG_WARN_QUOTED_INCLUDE_IN_FRAMEWORK_HEADER = YES;
				CLANG_WARN_RANGE_LOOP_ANALYSIS = YES;
				CLANG_WARN_STRICT_PROTOTYPES = YES;
				CLANG_WARN_SUSPICIOUS_MOVE = YES;
				CLANG_WARN_UNGUARDED_AVAILABILITY = YES_AGGRESSIVE;
				CLANG_WARN_UNREACHABLE_CODE = YES;
				CLANG_WARN__DUPLICATE_METHOD_MATCH = YES;
				COPY_PHASE_STRIP = NO;
				DEBUG_INFORMATION_FORMAT = "dwarf-with-dsym";
				ENABLE_NS_ASSERTIONS = NO;
				ENABLE_STRICT_OBJC_MSGSEND = YES;
				ENABLE_USER_SCRIPT_SANDBOXING = YES;
				GCC_C_LANGUAGE_STANDARD = gnu17;
				GCC_NO_COMMON_BLOCKS = YES;
				GCC_WARN_64_TO_32_BIT_CONVERSION = YES;
				GCC_WARN_ABOUT_RETURN_TYPE = YES_ERROR;
				GCC_WARN_UNDECLARED_SELECTOR = YES;
				GCC_WARN_UNINITIALIZED_AUTOS = YES_AGGRESSIVE;
				GCC_WARN_UNUSED_FUNCTION = YES;
				GCC_WARN_UNUSED_VARIABLE = YES;
				IPHONEOS_DEPLOYMENT_TARGET = 17.4;
				LOCALIZATION_PREFERS_STRING_CATALOGS = YES;
				MTL_ENABLE_DEBUG_INFO = NO;
				MTL_FAST_MATH = YES;
				SDKROOT = iphoneos;
				SWIFT_COMPILATION_MODE = wholemodule;
				VALIDATE_PRODUCT = YES;
			};
			name = Release;
		};
		25CBBB122BB3DF170059458B /* Debug */ = {
			isa = XCBuildConfiguration;
			buildSettings = {
				ASSETCATALOG_COMPILER_APPICON_NAME = AppIcon;
				ASSETCATALOG_COMPILER_GLOBAL_ACCENT_COLOR_NAME = AccentColor;
				CODE_SIGN_STYLE = Automatic;
				CURRENT_PROJECT_VERSION = 1;
				DEVELOPMENT_ASSET_PATHS = "\"WarmUp/Preview Content\"";
				DEVELOPMENT_TEAM = 94L65Y4872;
				ENABLE_PREVIEWS = YES;
				GENERATE_INFOPLIST_FILE = YES;
				INFOPLIST_KEY_UIApplicationSceneManifest_Generation = YES;
				INFOPLIST_KEY_UIApplicationSupportsIndirectInputEvents = YES;
				INFOPLIST_KEY_UILaunchScreen_Generation = YES;
				INFOPLIST_KEY_UISupportedInterfaceOrientations_iPad = "UIInterfaceOrientationPortrait UIInterfaceOrientationPortraitUpsideDown UIInterfaceOrientationLandscapeLeft UIInterfaceOrientationLandscapeRight";
				INFOPLIST_KEY_UISupportedInterfaceOrientations_iPhone = "UIInterfaceOrientationPortrait UIInterfaceOrientationLandscapeLeft UIInterfaceOrientationLandscapeRight";
				LD_RUNPATH_SEARCH_PATHS = (
					"$(inherited)",
					"@executable_path/Frameworks",
				);
				MARKETING_VERSION = 1.0;
				PRODUCT_BUNDLE_IDENTIFIER = com.cnj.WarmUp;
				PRODUCT_NAME = "$(TARGET_NAME)";
				SWIFT_EMIT_LOC_STRINGS = YES;
				SWIFT_VERSION = 5.0;
				TARGETED_DEVICE_FAMILY = "1,2";
			};
			name = Debug;
		};
		25CBBB132BB3DF170059458B /* Release */ = {
			isa = XCBuildConfiguration;
			buildSettings = {
				ASSETCATALOG_COMPILER_APPICON_NAME = AppIcon;
				ASSETCATALOG_COMPILER_GLOBAL_ACCENT_COLOR_NAME = AccentColor;
				CODE_SIGN_STYLE = Automatic;
				CURRENT_PROJECT_VERSION = 1;
				DEVELOPMENT_ASSET_PATHS = "\"WarmUp/Preview Content\"";
				DEVELOPMENT_TEAM = 94L65Y4872;
				ENABLE_PREVIEWS = YES;
				GENERATE_INFOPLIST_FILE = YES;
				INFOPLIST_KEY_UIApplicationSceneManifest_Generation = YES;
				INFOPLIST_KEY_UIApplicationSupportsIndirectInputEvents = YES;
				INFOPLIST_KEY_UILaunchScreen_Generation = YES;
				INFOPLIST_KEY_UISupportedInterfaceOrientations_iPad = "UIInterfaceOrientationPortrait UIInterfaceOrientationPortraitUpsideDown UIInterfaceOrientationLandscapeLeft UIInterfaceOrientationLandscapeRight";
				INFOPLIST_KEY_UISupportedInterfaceOrientations_iPhone = "UIInterfaceOrientationPortrait UIInterfaceOrientationLandscapeLeft UIInterfaceOrientationLandscapeRight";
				LD_RUNPATH_SEARCH_PATHS = (
					"$(inherited)",
					"@executable_path/Frameworks",
				);
				MARKETING_VERSION = 1.0;
				PRODUCT_BUNDLE_IDENTIFIER = com.cnj.WarmUp;
				PRODUCT_NAME = "$(TARGET_NAME)";
				SWIFT_EMIT_LOC_STRINGS = YES;
				SWIFT_VERSION = 5.0;
				TARGETED_DEVICE_FAMILY = "1,2";
			};
			name = Release;
		};
/* End XCBuildConfiguration section */

/* Begin XCConfigurationList section */
		25CBBAFE2BB3DF160059458B /* Build configuration list for PBXProject "WarmUp" */ = {
			isa = XCConfigurationList;
			buildConfigurations = (
				25CBBB0F2BB3DF170059458B /* Debug */,
				25CBBB102BB3DF170059458B /* Release */,
			);
			defaultConfigurationIsVisible = 0;
			defaultConfigurationName = Release;
		};
		25CBBB112BB3DF170059458B /* Build configuration list for PBXNativeTarget "WarmUp" */ = {
			isa = XCConfigurationList;
			buildConfigurations = (
				25CBBB122BB3DF170059458B /* Debug */,
				25CBBB132BB3DF170059458B /* Release */,
			);
			defaultConfigurationIsVisible = 0;
			defaultConfigurationName = Release;
		};
/* End XCConfigurationList section */
	};
	rootObject = 25CBBAFB2BB3DF160059458B /* Project object */;
}
