// !$*UTF8*$!
{
	archiveVersion = 1;
	classes = {
	};
	objectVersion = 56;
	objects = {

/* Begin PBXBuildFile section */
		25C1E5EF2C08BD4F00632AB2 /* OrderListViewModel.swift in Sources */ = {isa = PBXBuildFile; fileRef = 25C1E5EE2C08BD4F00632AB2 /* OrderListViewModel.swift */; };
		25C1E5F12C08BDFC00632AB2 /* OrderListViewInteractor.swift in Sources */ = {isa = PBXBuildFile; fileRef = 25C1E5F02C08BDFC00632AB2 /* OrderListViewInteractor.swift */; };
		25C1E5F42C098A2400632AB2 /* PendingOrderListDelegate.swift in Sources */ = {isa = PBXBuildFile; fileRef = 25C1E5F32C098A2400632AB2 /* PendingOrderListDelegate.swift */; };
		25C1E5F62C098C9600632AB2 /* InProgressOrderListDelegate.swift in Sources */ = {isa = PBXBuildFile; fileRef = 25C1E5F52C098C9600632AB2 /* InProgressOrderListDelegate.swift */; };
		25C1E5F82C098CF600632AB2 /* CompletedOrderListDelegate.swift in Sources */ = {isa = PBXBuildFile; fileRef = 25C1E5F72C098CF600632AB2 /* CompletedOrderListDelegate.swift */; };
		25C1E5FA2C0991F700632AB2 /* OrderDetailViewModel.swift in Sources */ = {isa = PBXBuildFile; fileRef = 25C1E5F92C0991F700632AB2 /* OrderDetailViewModel.swift */; };
		25C1E5FC2C0991FE00632AB2 /* OrderDetailViewInteractor.swift in Sources */ = {isa = PBXBuildFile; fileRef = 25C1E5FB2C0991FE00632AB2 /* OrderDetailViewInteractor.swift */; };
		25C1E5FF2C0998F600632AB2 /* OrderDetailViewDelegate.swift in Sources */ = {isa = PBXBuildFile; fileRef = 25C1E5FE2C0998F600632AB2 /* OrderDetailViewDelegate.swift */; };
		25C1E6042C09B8D500632AB2 /* MapManager.swift in Sources */ = {isa = PBXBuildFile; fileRef = 25C1E6032C09B8D500632AB2 /* MapManager.swift */; };
		25C1E6062C09B9D200632AB2 /* MapAppleDirections.swift in Sources */ = {isa = PBXBuildFile; fileRef = 25C1E6052C09B9D200632AB2 /* MapAppleDirections.swift */; };
		25C1E6082C09BBCD00632AB2 /* MapGoogleDirections.swift in Sources */ = {isa = PBXBuildFile; fileRef = 25C1E6072C09BBCD00632AB2 /* MapGoogleDirections.swift */; };
		25C1E60A2C09BC8100632AB2 /* MapKakaoDirections.swift in Sources */ = {isa = PBXBuildFile; fileRef = 25C1E6092C09BC8100632AB2 /* MapKakaoDirections.swift */; };
		25C1E60C2C09BCCF00632AB2 /* MapNaverDirections.swift in Sources */ = {isa = PBXBuildFile; fileRef = 25C1E60B2C09BCCF00632AB2 /* MapNaverDirections.swift */; };
		25C1E60E2C0C411600632AB2 /* OrderTrackingViewModel.swift in Sources */ = {isa = PBXBuildFile; fileRef = 25C1E60D2C0C411600632AB2 /* OrderTrackingViewModel.swift */; };
		25C1E6102C0C43B400632AB2 /* OrderTrackingViewInteractor.swift in Sources */ = {isa = PBXBuildFile; fileRef = 25C1E60F2C0C43B400632AB2 /* OrderTrackingViewInteractor.swift */; };
		25C1E6122C0C481000632AB2 /* OrderCompletionViewModel.swift in Sources */ = {isa = PBXBuildFile; fileRef = 25C1E6112C0C481000632AB2 /* OrderCompletionViewModel.swift */; };
		25C1E6142C0C481A00632AB2 /* OrderCompletionViewInteractor.swift in Sources */ = {isa = PBXBuildFile; fileRef = 25C1E6132C0C481A00632AB2 /* OrderCompletionViewInteractor.swift */; };
		25C1E6172C0C591C00632AB2 /* SSO.storyboard in Resources */ = {isa = PBXBuildFile; fileRef = 25C1E6162C0C591C00632AB2 /* SSO.storyboard */; };
		25C1E61A2C0C5D1000632AB2 /* IssueTokenInfo.swift in Sources */ = {isa = PBXBuildFile; fileRef = 25C1E6192C0C5D1000632AB2 /* IssueTokenInfo.swift */; };
		25C1E61C2C0C5D8600632AB2 /* RefreshTokenInfo.swift in Sources */ = {isa = PBXBuildFile; fileRef = 25C1E61B2C0C5D8600632AB2 /* RefreshTokenInfo.swift */; };
		25C1E61E2C0C5DDA00632AB2 /* SSOUserInfo.swift in Sources */ = {isa = PBXBuildFile; fileRef = 25C1E61D2C0C5DDA00632AB2 /* SSOUserInfo.swift */; };
		25C1E6202C0C5E3400632AB2 /* SSOController.swift in Sources */ = {isa = PBXBuildFile; fileRef = 25C1E61F2C0C5E3400632AB2 /* SSOController.swift */; };
		25C1E6232C0C5F0300632AB2 /* KeychainAccess in Frameworks */ = {isa = PBXBuildFile; productRef = 25C1E6222C0C5F0300632AB2 /* KeychainAccess */; };
		C355C4972AD10837002F0705 /* FCConstants.swift in Sources */ = {isa = PBXBuildFile; fileRef = C355C4962AD10837002F0705 /* FCConstants.swift */; };
		FE10192C2AB13F270091C91C /* APIController.swift in Sources */ = {isa = PBXBuildFile; fileRef = FE10192B2AB13F270091C91C /* APIController.swift */; };
		FE1019B42AB2D2940091C91C /* ArrayExtension.swift in Sources */ = {isa = PBXBuildFile; fileRef = FE1019B32AB2D2940091C91C /* ArrayExtension.swift */; };
		FE1019C02AB2E1F00091C91C /* OrderListViewController.swift in Sources */ = {isa = PBXBuildFile; fileRef = FE1019B82AB2E1F00091C91C /* OrderListViewController.swift */; };
		FE1019C72AB3F63E0091C91C /* ViewExtension.swift in Sources */ = {isa = PBXBuildFile; fileRef = FE1019C62AB3F63E0091C91C /* ViewExtension.swift */; };
		FE1019C92AB3F8190091C91C /* IntExtension.swift in Sources */ = {isa = PBXBuildFile; fileRef = FE1019C82AB3F8190091C91C /* IntExtension.swift */; };
		FE1019CB2AB3FB370091C91C /* OrderDetailViewController.swift in Sources */ = {isa = PBXBuildFile; fileRef = FE1019CA2AB3FB370091C91C /* OrderDetailViewController.swift */; };
		FE19AEF82AA6C0EE00FE09A8 /* AppDelegate.swift in Sources */ = {isa = PBXBuildFile; fileRef = FE19AEF72AA6C0EE00FE09A8 /* AppDelegate.swift */; };
		FE19AEFA2AA6C0EE00FE09A8 /* SceneDelegate.swift in Sources */ = {isa = PBXBuildFile; fileRef = FE19AEF92AA6C0EE00FE09A8 /* SceneDelegate.swift */; };
		FE19AEFF2AA6C0EE00FE09A8 /* Main.storyboard in Resources */ = {isa = PBXBuildFile; fileRef = FE19AEFD2AA6C0EE00FE09A8 /* Main.storyboard */; };
		FE19AF012AA6C0EF00FE09A8 /* Assets.xcassets in Resources */ = {isa = PBXBuildFile; fileRef = FE19AF002AA6C0EF00FE09A8 /* Assets.xcassets */; };
		FE19AF042AA6C0EF00FE09A8 /* LaunchScreen.storyboard in Resources */ = {isa = PBXBuildFile; fileRef = FE19AF022AA6C0EF00FE09A8 /* LaunchScreen.storyboard */; };
		FE19AF1A2AA9578E00FE09A8 /* DataManager.swift in Sources */ = {isa = PBXBuildFile; fileRef = FE19AF162AA9578E00FE09A8 /* DataManager.swift */; };
		FE19AF1C2AA9578E00FE09A8 /* LocationManager.swift in Sources */ = {isa = PBXBuildFile; fileRef = FE19AF182AA9578E00FE09A8 /* LocationManager.swift */; };
		FE19AF202AAABD8100FE09A8 /* OrderDetailInfo.swift in Sources */ = {isa = PBXBuildFile; fileRef = FE19AF1F2AAABD8100FE09A8 /* OrderDetailInfo.swift */; };
		FE19AF292AAAC63000FE09A8 /* FCStackView.swift in Sources */ = {isa = PBXBuildFile; fileRef = FE19AF282AAAC63000FE09A8 /* FCStackView.swift */; };
		FE19AF2B2AAACD7300FE09A8 /* ButtonExtension.swift in Sources */ = {isa = PBXBuildFile; fileRef = FE19AF2A2AAACD7300FE09A8 /* ButtonExtension.swift */; };
		FE9AD80F2ABD4E5300535B47 /* OrderDetailMapViewCell.swift in Sources */ = {isa = PBXBuildFile; fileRef = FE9AD80D2ABD4E5300535B47 /* OrderDetailMapViewCell.swift */; };
		FE9AD8102ABD4E5300535B47 /* OrderDetailDescriptionCell.swift in Sources */ = {isa = PBXBuildFile; fileRef = FE9AD80E2ABD4E5300535B47 /* OrderDetailDescriptionCell.swift */; };
		FE9AD8142ABD67B900535B47 /* ControlExtension.swift in Sources */ = {isa = PBXBuildFile; fileRef = FE9AD8132ABD67B900535B47 /* ControlExtension.swift */; };
		FED5A46F2AC17FD30050F24D /* ItemDetailInfo.swift in Sources */ = {isa = PBXBuildFile; fileRef = FED5A46E2AC17FD30050F24D /* ItemDetailInfo.swift */; };
		FED5A4712AC25FD20050F24D /* OrderDetailTitleCell.swift in Sources */ = {isa = PBXBuildFile; fileRef = FED5A4702AC25FD20050F24D /* OrderDetailTitleCell.swift */; };
		FED5A4732AC262C30050F24D /* OrderDetailContactCell.swift in Sources */ = {isa = PBXBuildFile; fileRef = FED5A4722AC262C30050F24D /* OrderDetailContactCell.swift */; };
		FED5A4752AC263F20050F24D /* LocationDetailInfo.swift in Sources */ = {isa = PBXBuildFile; fileRef = FED5A4742AC263F20050F24D /* LocationDetailInfo.swift */; };
		FED5A4772AC26CF40050F24D /* OrderDetailMemoCell.swift in Sources */ = {isa = PBXBuildFile; fileRef = FED5A4762AC26CF40050F24D /* OrderDetailMemoCell.swift */; };
		FED5A4792AC282A00050F24D /* OrderDetailReceiptCell.swift in Sources */ = {isa = PBXBuildFile; fileRef = FED5A4782AC282A00050F24D /* OrderDetailReceiptCell.swift */; };
		FED5A47F2AC2BEA80050F24D /* OrderListTableViewCell.swift in Sources */ = {isa = PBXBuildFile; fileRef = FED5A47E2AC2BEA80050F24D /* OrderListTableViewCell.swift */; };
		FED5A4812AC2C5150050F24D /* OrderCompletionViewController.swift in Sources */ = {isa = PBXBuildFile; fileRef = FED5A4802AC2C5150050F24D /* OrderCompletionViewController.swift */; };
		FEE527322AC5A53F00BC682F /* MBAkit in Frameworks */ = {isa = PBXBuildFile; productRef = FEE527312AC5A53F00BC682F /* MBAkit */; };
		FEE5277F2AC6A8FF00BC682F /* PhotoManager.swift in Sources */ = {isa = PBXBuildFile; fileRef = FEE5277E2AC6A8FF00BC682F /* PhotoManager.swift */; };
		FEE527812AC91DA400BC682F /* OrderTrackingViewController.swift in Sources */ = {isa = PBXBuildFile; fileRef = FEE527802AC91DA400BC682F /* OrderTrackingViewController.swift */; };
/* End PBXBuildFile section */

/* Begin PBXFileReference section */
		25C1E5EE2C08BD4F00632AB2 /* OrderListViewModel.swift */ = {isa = PBXFileReference; lastKnownFileType = sourcecode.swift; path = OrderListViewModel.swift; sourceTree = "<group>"; };
		25C1E5F02C08BDFC00632AB2 /* OrderListViewInteractor.swift */ = {isa = PBXFileReference; lastKnownFileType = sourcecode.swift; path = OrderListViewInteractor.swift; sourceTree = "<group>"; };
		25C1E5F32C098A2400632AB2 /* PendingOrderListDelegate.swift */ = {isa = PBXFileReference; lastKnownFileType = sourcecode.swift; path = PendingOrderListDelegate.swift; sourceTree = "<group>"; };
		25C1E5F52C098C9600632AB2 /* InProgressOrderListDelegate.swift */ = {isa = PBXFileReference; lastKnownFileType = sourcecode.swift; path = InProgressOrderListDelegate.swift; sourceTree = "<group>"; };
		25C1E5F72C098CF600632AB2 /* CompletedOrderListDelegate.swift */ = {isa = PBXFileReference; lastKnownFileType = sourcecode.swift; path = CompletedOrderListDelegate.swift; sourceTree = "<group>"; };
		25C1E5F92C0991F700632AB2 /* OrderDetailViewModel.swift */ = {isa = PBXFileReference; lastKnownFileType = sourcecode.swift; path = OrderDetailViewModel.swift; sourceTree = "<group>"; };
		25C1E5FB2C0991FE00632AB2 /* OrderDetailViewInteractor.swift */ = {isa = PBXFileReference; lastKnownFileType = sourcecode.swift; path = OrderDetailViewInteractor.swift; sourceTree = "<group>"; };
		25C1E5FE2C0998F600632AB2 /* OrderDetailViewDelegate.swift */ = {isa = PBXFileReference; lastKnownFileType = sourcecode.swift; path = OrderDetailViewDelegate.swift; sourceTree = "<group>"; };
		25C1E6032C09B8D500632AB2 /* MapManager.swift */ = {isa = PBXFileReference; lastKnownFileType = sourcecode.swift; path = MapManager.swift; sourceTree = "<group>"; };
		25C1E6052C09B9D200632AB2 /* MapAppleDirections.swift */ = {isa = PBXFileReference; lastKnownFileType = sourcecode.swift; path = MapAppleDirections.swift; sourceTree = "<group>"; };
		25C1E6072C09BBCD00632AB2 /* MapGoogleDirections.swift */ = {isa = PBXFileReference; lastKnownFileType = sourcecode.swift; path = MapGoogleDirections.swift; sourceTree = "<group>"; };
		25C1E6092C09BC8100632AB2 /* MapKakaoDirections.swift */ = {isa = PBXFileReference; lastKnownFileType = sourcecode.swift; path = MapKakaoDirections.swift; sourceTree = "<group>"; };
		25C1E60B2C09BCCF00632AB2 /* MapNaverDirections.swift */ = {isa = PBXFileReference; lastKnownFileType = sourcecode.swift; path = MapNaverDirections.swift; sourceTree = "<group>"; };
		25C1E60D2C0C411600632AB2 /* OrderTrackingViewModel.swift */ = {isa = PBXFileReference; lastKnownFileType = sourcecode.swift; path = OrderTrackingViewModel.swift; sourceTree = "<group>"; };
		25C1E60F2C0C43B400632AB2 /* OrderTrackingViewInteractor.swift */ = {isa = PBXFileReference; lastKnownFileType = sourcecode.swift; path = OrderTrackingViewInteractor.swift; sourceTree = "<group>"; };
		25C1E6112C0C481000632AB2 /* OrderCompletionViewModel.swift */ = {isa = PBXFileReference; lastKnownFileType = sourcecode.swift; path = OrderCompletionViewModel.swift; sourceTree = "<group>"; };
		25C1E6132C0C481A00632AB2 /* OrderCompletionViewInteractor.swift */ = {isa = PBXFileReference; lastKnownFileType = sourcecode.swift; path = OrderCompletionViewInteractor.swift; sourceTree = "<group>"; };
		25C1E6162C0C591C00632AB2 /* SSO.storyboard */ = {isa = PBXFileReference; lastKnownFileType = file.storyboard; path = SSO.storyboard; sourceTree = "<group>"; };
		25C1E6192C0C5D1000632AB2 /* IssueTokenInfo.swift */ = {isa = PBXFileReference; lastKnownFileType = sourcecode.swift; path = IssueTokenInfo.swift; sourceTree = "<group>"; };
		25C1E61B2C0C5D8600632AB2 /* RefreshTokenInfo.swift */ = {isa = PBXFileReference; lastKnownFileType = sourcecode.swift; path = RefreshTokenInfo.swift; sourceTree = "<group>"; };
		25C1E61D2C0C5DDA00632AB2 /* SSOUserInfo.swift */ = {isa = PBXFileReference; lastKnownFileType = sourcecode.swift; path = SSOUserInfo.swift; sourceTree = "<group>"; };
		25C1E61F2C0C5E3400632AB2 /* SSOController.swift */ = {isa = PBXFileReference; lastKnownFileType = sourcecode.swift; path = SSOController.swift; sourceTree = "<group>"; };
		C355C4962AD10837002F0705 /* FCConstants.swift */ = {isa = PBXFileReference; lastKnownFileType = sourcecode.swift; path = FCConstants.swift; sourceTree = "<group>"; };
		FE10192B2AB13F270091C91C /* APIController.swift */ = {isa = PBXFileReference; lastKnownFileType = sourcecode.swift; path = APIController.swift; sourceTree = "<group>"; };
		FE1019B32AB2D2940091C91C /* ArrayExtension.swift */ = {isa = PBXFileReference; lastKnownFileType = sourcecode.swift; path = ArrayExtension.swift; sourceTree = "<group>"; };
		FE1019B82AB2E1F00091C91C /* OrderListViewController.swift */ = {isa = PBXFileReference; fileEncoding = 4; lastKnownFileType = sourcecode.swift; name = OrderListViewController.swift; path = OrderList/OrderListViewController.swift; sourceTree = "<group>"; };
		FE1019C62AB3F63E0091C91C /* ViewExtension.swift */ = {isa = PBXFileReference; lastKnownFileType = sourcecode.swift; path = ViewExtension.swift; sourceTree = "<group>"; };
		FE1019C82AB3F8190091C91C /* IntExtension.swift */ = {isa = PBXFileReference; lastKnownFileType = sourcecode.swift; path = IntExtension.swift; sourceTree = "<group>"; };
		FE1019CA2AB3FB370091C91C /* OrderDetailViewController.swift */ = {isa = PBXFileReference; lastKnownFileType = sourcecode.swift; name = OrderDetailViewController.swift; path = OrderDetail/OrderDetailViewController.swift; sourceTree = "<group>"; };
		FE19AEF42AA6C0EE00FE09A8 /* FastCampusRiders.app */ = {isa = PBXFileReference; explicitFileType = wrapper.application; includeInIndex = 0; path = FastCampusRiders.app; sourceTree = BUILT_PRODUCTS_DIR; };
		FE19AEF72AA6C0EE00FE09A8 /* AppDelegate.swift */ = {isa = PBXFileReference; lastKnownFileType = sourcecode.swift; path = AppDelegate.swift; sourceTree = "<group>"; };
		FE19AEF92AA6C0EE00FE09A8 /* SceneDelegate.swift */ = {isa = PBXFileReference; lastKnownFileType = sourcecode.swift; path = SceneDelegate.swift; sourceTree = "<group>"; };
		FE19AEFE2AA6C0EE00FE09A8 /* Base */ = {isa = PBXFileReference; lastKnownFileType = file.storyboard; name = Base; path = Base.lproj/Main.storyboard; sourceTree = "<group>"; };
		FE19AF002AA6C0EF00FE09A8 /* Assets.xcassets */ = {isa = PBXFileReference; lastKnownFileType = folder.assetcatalog; path = Assets.xcassets; sourceTree = "<group>"; };
		FE19AF032AA6C0EF00FE09A8 /* Base */ = {isa = PBXFileReference; lastKnownFileType = file.storyboard; name = Base; path = Base.lproj/LaunchScreen.storyboard; sourceTree = "<group>"; };
		FE19AF052AA6C0EF00FE09A8 /* Info.plist */ = {isa = PBXFileReference; lastKnownFileType = text.plist.xml; path = Info.plist; sourceTree = "<group>"; };
		FE19AF162AA9578E00FE09A8 /* DataManager.swift */ = {isa = PBXFileReference; fileEncoding = 4; lastKnownFileType = sourcecode.swift; path = DataManager.swift; sourceTree = "<group>"; };
		FE19AF182AA9578E00FE09A8 /* LocationManager.swift */ = {isa = PBXFileReference; fileEncoding = 4; lastKnownFileType = sourcecode.swift; path = LocationManager.swift; sourceTree = "<group>"; };
		FE19AF1F2AAABD8100FE09A8 /* OrderDetailInfo.swift */ = {isa = PBXFileReference; lastKnownFileType = sourcecode.swift; path = OrderDetailInfo.swift; sourceTree = "<group>"; };
		FE19AF282AAAC63000FE09A8 /* FCStackView.swift */ = {isa = PBXFileReference; lastKnownFileType = sourcecode.swift; path = FCStackView.swift; sourceTree = "<group>"; };
		FE19AF2A2AAACD7300FE09A8 /* ButtonExtension.swift */ = {isa = PBXFileReference; lastKnownFileType = sourcecode.swift; path = ButtonExtension.swift; sourceTree = "<group>"; };
		FE9AD80D2ABD4E5300535B47 /* OrderDetailMapViewCell.swift */ = {isa = PBXFileReference; fileEncoding = 4; lastKnownFileType = sourcecode.swift; name = OrderDetailMapViewCell.swift; path = OrderDetail/TableViewCell/OrderDetailMapViewCell.swift; sourceTree = "<group>"; };
		FE9AD80E2ABD4E5300535B47 /* OrderDetailDescriptionCell.swift */ = {isa = PBXFileReference; fileEncoding = 4; lastKnownFileType = sourcecode.swift; name = OrderDetailDescriptionCell.swift; path = OrderDetail/TableViewCell/OrderDetailDescriptionCell.swift; sourceTree = "<group>"; };
		FE9AD8132ABD67B900535B47 /* ControlExtension.swift */ = {isa = PBXFileReference; lastKnownFileType = sourcecode.swift; path = ControlExtension.swift; sourceTree = "<group>"; };
		FED5A46E2AC17FD30050F24D /* ItemDetailInfo.swift */ = {isa = PBXFileReference; lastKnownFileType = sourcecode.swift; path = ItemDetailInfo.swift; sourceTree = "<group>"; };
		FED5A4702AC25FD20050F24D /* OrderDetailTitleCell.swift */ = {isa = PBXFileReference; lastKnownFileType = sourcecode.swift; name = OrderDetailTitleCell.swift; path = OrderDetail/TableViewCell/OrderDetailTitleCell.swift; sourceTree = "<group>"; };
		FED5A4722AC262C30050F24D /* OrderDetailContactCell.swift */ = {isa = PBXFileReference; lastKnownFileType = sourcecode.swift; name = OrderDetailContactCell.swift; path = OrderDetail/TableViewCell/OrderDetailContactCell.swift; sourceTree = "<group>"; };
		FED5A4742AC263F20050F24D /* LocationDetailInfo.swift */ = {isa = PBXFileReference; lastKnownFileType = sourcecode.swift; path = LocationDetailInfo.swift; sourceTree = "<group>"; };
		FED5A4762AC26CF40050F24D /* OrderDetailMemoCell.swift */ = {isa = PBXFileReference; lastKnownFileType = sourcecode.swift; name = OrderDetailMemoCell.swift; path = OrderDetail/TableViewCell/OrderDetailMemoCell.swift; sourceTree = "<group>"; };
		FED5A4782AC282A00050F24D /* OrderDetailReceiptCell.swift */ = {isa = PBXFileReference; lastKnownFileType = sourcecode.swift; name = OrderDetailReceiptCell.swift; path = OrderDetail/TableViewCell/OrderDetailReceiptCell.swift; sourceTree = "<group>"; };
		FED5A47E2AC2BEA80050F24D /* OrderListTableViewCell.swift */ = {isa = PBXFileReference; fileEncoding = 4; lastKnownFileType = sourcecode.swift; path = OrderListTableViewCell.swift; sourceTree = "<group>"; };
		FED5A4802AC2C5150050F24D /* OrderCompletionViewController.swift */ = {isa = PBXFileReference; lastKnownFileType = sourcecode.swift; name = OrderCompletionViewController.swift; path = OrderCompletion/OrderCompletionViewController.swift; sourceTree = "<group>"; };
		FEE5277E2AC6A8FF00BC682F /* PhotoManager.swift */ = {isa = PBXFileReference; lastKnownFileType = sourcecode.swift; path = PhotoManager.swift; sourceTree = "<group>"; };
		FEE527802AC91DA400BC682F /* OrderTrackingViewController.swift */ = {isa = PBXFileReference; lastKnownFileType = sourcecode.swift; name = OrderTrackingViewController.swift; path = OrderTracking/OrderTrackingViewController.swift; sourceTree = "<group>"; };
/* End PBXFileReference section */

/* Begin PBXFrameworksBuildPhase section */
		FE19AEF12AA6C0EE00FE09A8 /* Frameworks */ = {
			isa = PBXFrameworksBuildPhase;
			buildActionMask = 2147483647;
			files = (
				25C1E6232C0C5F0300632AB2 /* KeychainAccess in Frameworks */,
				FEE527322AC5A53F00BC682F /* MBAkit in Frameworks */,
			);
			runOnlyForDeploymentPostprocessing = 0;
		};
/* End PBXFrameworksBuildPhase section */

/* Begin PBXGroup section */
		25C1E5F22C0989E600632AB2 /* Delegate */ = {
			isa = PBXGroup;
			children = (
				25C1E5F32C098A2400632AB2 /* PendingOrderListDelegate.swift */,
				25C1E5F52C098C9600632AB2 /* InProgressOrderListDelegate.swift */,
				25C1E5F72C098CF600632AB2 /* CompletedOrderListDelegate.swift */,
			);
			path = Delegate;
			sourceTree = "<group>";
		};
		25C1E5FD2C0998EE00632AB2 /* Delegate */ = {
			isa = PBXGroup;
			children = (
				25C1E5FE2C0998F600632AB2 /* OrderDetailViewDelegate.swift */,
			);
			name = Delegate;
			sourceTree = "<group>";
		};
		25C1E6002C09B8A300632AB2 /* Directions */ = {
			isa = PBXGroup;
			children = (
				25C1E6032C09B8D500632AB2 /* MapManager.swift */,
				25C1E6052C09B9D200632AB2 /* MapAppleDirections.swift */,
				25C1E6072C09BBCD00632AB2 /* MapGoogleDirections.swift */,
				25C1E6092C09BC8100632AB2 /* MapKakaoDirections.swift */,
				25C1E60B2C09BCCF00632AB2 /* MapNaverDirections.swift */,
			);
			name = Directions;
			sourceTree = "<group>";
		};
		25C1E6152C0C58FF00632AB2 /* SSO */ = {
			isa = PBXGroup;
			children = (
				25C1E6182C0C5D0300632AB2 /* Entity */,
				25C1E61F2C0C5E3400632AB2 /* SSOController.swift */,
				25C1E6162C0C591C00632AB2 /* SSO.storyboard */,
			);
			path = SSO;
			sourceTree = "<group>";
		};
		25C1E6182C0C5D0300632AB2 /* Entity */ = {
			isa = PBXGroup;
			children = (
				25C1E6192C0C5D1000632AB2 /* IssueTokenInfo.swift */,
				25C1E61B2C0C5D8600632AB2 /* RefreshTokenInfo.swift */,
				25C1E61D2C0C5DDA00632AB2 /* SSOUserInfo.swift */,
			);
			path = Entity;
			sourceTree = "<group>";
		};
		FE1019752AB144250091C91C /* Frameworks */ = {
			isa = PBXGroup;
			children = (
			);
			name = Frameworks;
			sourceTree = "<group>";
		};
		FE1019EB2ABBD13B0091C91C /* TableViewCell */ = {
			isa = PBXGroup;
			children = (
				FED5A4722AC262C30050F24D /* OrderDetailContactCell.swift */,
				FE9AD80E2ABD4E5300535B47 /* OrderDetailDescriptionCell.swift */,
				FE9AD80D2ABD4E5300535B47 /* OrderDetailMapViewCell.swift */,
				FED5A4762AC26CF40050F24D /* OrderDetailMemoCell.swift */,
				FED5A4782AC282A00050F24D /* OrderDetailReceiptCell.swift */,
				FED5A4702AC25FD20050F24D /* OrderDetailTitleCell.swift */,
			);
			name = TableViewCell;
			sourceTree = "<group>";
		};
		FE19AEEB2AA6C0EE00FE09A8 = {
			isa = PBXGroup;
			children = (
				FE19AEF62AA6C0EE00FE09A8 /* FastCampusRiders */,
				FE19AEF52AA6C0EE00FE09A8 /* Products */,
				FE1019752AB144250091C91C /* Frameworks */,
			);
			sourceTree = "<group>";
		};
		FE19AEF52AA6C0EE00FE09A8 /* Products */ = {
			isa = PBXGroup;
			children = (
				FE19AEF42AA6C0EE00FE09A8 /* FastCampusRiders.app */,
			);
			name = Products;
			sourceTree = "<group>";
		};
		FE19AEF62AA6C0EE00FE09A8 /* FastCampusRiders */ = {
			isa = PBXGroup;
			children = (
				FE19AEF72AA6C0EE00FE09A8 /* AppDelegate.swift */,
				FE19AEF92AA6C0EE00FE09A8 /* SceneDelegate.swift */,
				FE19AF212AAAC09E00FE09A8 /* Extension */,
				FE19AF1E2AAABD6B00FE09A8 /* Entity */,
				FE19AF152AA9576C00FE09A8 /* Domain */,
				FE19AF272AAAC61700FE09A8 /* Intermidiate */,
				FE19AF0B2AA9555000FE09A8 /* Presentaion */,
				25C1E6152C0C58FF00632AB2 /* SSO */,
				FE19AF002AA6C0EF00FE09A8 /* Assets.xcassets */,
				FE19AF022AA6C0EF00FE09A8 /* LaunchScreen.storyboard */,
				FE19AF052AA6C0EF00FE09A8 /* Info.plist */,
			);
			path = FastCampusRiders;
			sourceTree = "<group>";
		};
		FE19AF0B2AA9555000FE09A8 /* Presentaion */ = {
			isa = PBXGroup;
			children = (
				FED5A4862AC3C8360050F24D /* OrderTracking */,
				FE19AF262AAAC47000FE09A8 /* OrderCompletion */,
				FE19AF252AAAC43700FE09A8 /* OrderDetail */,
				FE19AF242AAAC42100FE09A8 /* OderList */,
				FE19AEFD2AA6C0EE00FE09A8 /* Main.storyboard */,
			);
			path = Presentaion;
			sourceTree = "<group>";
		};
		FE19AF152AA9576C00FE09A8 /* Domain */ = {
			isa = PBXGroup;
			children = (
				FE19AF162AA9578E00FE09A8 /* DataManager.swift */,
				FE19AF182AA9578E00FE09A8 /* LocationManager.swift */,
				FEE5277E2AC6A8FF00BC682F /* PhotoManager.swift */,
				FE10192B2AB13F270091C91C /* APIController.swift */,
			);
			path = Domain;
			sourceTree = "<group>";
		};
		FE19AF1E2AAABD6B00FE09A8 /* Entity */ = {
			isa = PBXGroup;
			children = (
				FE19AF1F2AAABD8100FE09A8 /* OrderDetailInfo.swift */,
				FED5A4742AC263F20050F24D /* LocationDetailInfo.swift */,
				FED5A46E2AC17FD30050F24D /* ItemDetailInfo.swift */,
			);
			path = Entity;
			sourceTree = "<group>";
		};
		FE19AF212AAAC09E00FE09A8 /* Extension */ = {
			isa = PBXGroup;
			children = (
				FE1019B32AB2D2940091C91C /* ArrayExtension.swift */,
				FE19AF2A2AAACD7300FE09A8 /* ButtonExtension.swift */,
				FE9AD8132ABD67B900535B47 /* ControlExtension.swift */,
				FE1019C82AB3F8190091C91C /* IntExtension.swift */,
				FE1019C62AB3F63E0091C91C /* ViewExtension.swift */,
			);
			path = Extension;
			sourceTree = "<group>";
		};
		FE19AF242AAAC42100FE09A8 /* OderList */ = {
			isa = PBXGroup;
			children = (
				25C1E5F22C0989E600632AB2 /* Delegate */,
				FED5A47D2AC2BEA80050F24D /* TableViewCell */,
				FE1019B82AB2E1F00091C91C /* OrderListViewController.swift */,
				25C1E5F02C08BDFC00632AB2 /* OrderListViewInteractor.swift */,
				25C1E5EE2C08BD4F00632AB2 /* OrderListViewModel.swift */,
			);
			name = OderList;
			sourceTree = "<group>";
		};
		FE19AF252AAAC43700FE09A8 /* OrderDetail */ = {
			isa = PBXGroup;
			children = (
				25C1E6002C09B8A300632AB2 /* Directions */,
				25C1E5FD2C0998EE00632AB2 /* Delegate */,
				FE1019EB2ABBD13B0091C91C /* TableViewCell */,
				FE1019CA2AB3FB370091C91C /* OrderDetailViewController.swift */,
				25C1E5FB2C0991FE00632AB2 /* OrderDetailViewInteractor.swift */,
				25C1E5F92C0991F700632AB2 /* OrderDetailViewModel.swift */,
			);
			name = OrderDetail;
			sourceTree = "<group>";
		};
		FE19AF262AAAC47000FE09A8 /* OrderCompletion */ = {
			isa = PBXGroup;
			children = (
				FED5A4802AC2C5150050F24D /* OrderCompletionViewController.swift */,
				25C1E6112C0C481000632AB2 /* OrderCompletionViewModel.swift */,
				25C1E6132C0C481A00632AB2 /* OrderCompletionViewInteractor.swift */,
			);
			name = OrderCompletion;
			sourceTree = "<group>";
		};
		FE19AF272AAAC61700FE09A8 /* Intermidiate */ = {
			isa = PBXGroup;
			children = (
				C355C4962AD10837002F0705 /* FCConstants.swift */,
				FE19AF282AAAC63000FE09A8 /* FCStackView.swift */,
			);
			path = Intermidiate;
			sourceTree = "<group>";
		};
		FED5A47D2AC2BEA80050F24D /* TableViewCell */ = {
			isa = PBXGroup;
			children = (
				FED5A47E2AC2BEA80050F24D /* OrderListTableViewCell.swift */,
			);
			name = TableViewCell;
			path = OrderList/TableViewCell;
			sourceTree = "<group>";
		};
		FED5A4862AC3C8360050F24D /* OrderTracking */ = {
			isa = PBXGroup;
			children = (
				FEE527802AC91DA400BC682F /* OrderTrackingViewController.swift */,
				25C1E60D2C0C411600632AB2 /* OrderTrackingViewModel.swift */,
				25C1E60F2C0C43B400632AB2 /* OrderTrackingViewInteractor.swift */,
			);
			name = OrderTracking;
			sourceTree = "<group>";
		};
/* End PBXGroup section */

/* Begin PBXNativeTarget section */
		FE19AEF32AA6C0EE00FE09A8 /* FastCampusRiders */ = {
			isa = PBXNativeTarget;
			buildConfigurationList = FE19AF082AA6C0EF00FE09A8 /* Build configuration list for PBXNativeTarget "FastCampusRiders" */;
			buildPhases = (
				FE19AEF02AA6C0EE00FE09A8 /* Sources */,
				FE19AEF12AA6C0EE00FE09A8 /* Frameworks */,
				FE19AEF22AA6C0EE00FE09A8 /* Resources */,
			);
			buildRules = (
			);
			dependencies = (
			);
			name = FastCampusRiders;
			packageProductDependencies = (
				FEE527312AC5A53F00BC682F /* MBAkit */,
				25C1E6222C0C5F0300632AB2 /* KeychainAccess */,
			);
			productName = FastCampusRiders;
			productReference = FE19AEF42AA6C0EE00FE09A8 /* FastCampusRiders.app */;
			productType = "com.apple.product-type.application";
		};
/* End PBXNativeTarget section */

/* Begin PBXProject section */
		FE19AEEC2AA6C0EE00FE09A8 /* Project object */ = {
			isa = PBXProject;
			attributes = {
				BuildIndependentTargetsInParallel = 1;
				LastSwiftUpdateCheck = 1430;
				LastUpgradeCheck = 1430;
				TargetAttributes = {
					FE19AEF32AA6C0EE00FE09A8 = {
						CreatedOnToolsVersion = 14.3.1;
					};
				};
			};
			buildConfigurationList = FE19AEEF2AA6C0EE00FE09A8 /* Build configuration list for PBXProject "FastCampusRiders" */;
			compatibilityVersion = "Xcode 14.0";
			developmentRegion = en;
			hasScannedForEncodings = 0;
			knownRegions = (
				en,
				Base,
			);
			mainGroup = FE19AEEB2AA6C0EE00FE09A8;
			packageReferences = (
				FEE527302AC5A53F00BC682F /* XCRemoteSwiftPackageReference "MBA-kit" */,
				25C1E6212C0C5F0300632AB2 /* XCRemoteSwiftPackageReference "KeychainAccess" */,
			);
			productRefGroup = FE19AEF52AA6C0EE00FE09A8 /* Products */;
			projectDirPath = "";
			projectRoot = "";
			targets = (
				FE19AEF32AA6C0EE00FE09A8 /* FastCampusRiders */,
			);
		};
/* End PBXProject section */

/* Begin PBXResourcesBuildPhase section */
		FE19AEF22AA6C0EE00FE09A8 /* Resources */ = {
			isa = PBXResourcesBuildPhase;
			buildActionMask = 2147483647;
			files = (
				FE19AF042AA6C0EF00FE09A8 /* LaunchScreen.storyboard in Resources */,
				FE19AF012AA6C0EF00FE09A8 /* Assets.xcassets in Resources */,
				25C1E6172C0C591C00632AB2 /* SSO.storyboard in Resources */,
				FE19AEFF2AA6C0EE00FE09A8 /* Main.storyboard in Resources */,
			);
			runOnlyForDeploymentPostprocessing = 0;
		};
/* End PBXResourcesBuildPhase section */

/* Begin PBXSourcesBuildPhase section */
		FE19AEF02AA6C0EE00FE09A8 /* Sources */ = {
			isa = PBXSourcesBuildPhase;
			buildActionMask = 2147483647;
			files = (
				FE1019B42AB2D2940091C91C /* ArrayExtension.swift in Sources */,
				25C1E5FC2C0991FE00632AB2 /* OrderDetailViewInteractor.swift in Sources */,
				FED5A4812AC2C5150050F24D /* OrderCompletionViewController.swift in Sources */,
				FED5A4772AC26CF40050F24D /* OrderDetailMemoCell.swift in Sources */,
				25C1E6042C09B8D500632AB2 /* MapManager.swift in Sources */,
				25C1E61C2C0C5D8600632AB2 /* RefreshTokenInfo.swift in Sources */,
				FED5A4732AC262C30050F24D /* OrderDetailContactCell.swift in Sources */,
				FE19AF292AAAC63000FE09A8 /* FCStackView.swift in Sources */,
				FE9AD8142ABD67B900535B47 /* ControlExtension.swift in Sources */,
				FED5A46F2AC17FD30050F24D /* ItemDetailInfo.swift in Sources */,
				FED5A4712AC25FD20050F24D /* OrderDetailTitleCell.swift in Sources */,
				FED5A47F2AC2BEA80050F24D /* OrderListTableViewCell.swift in Sources */,
				25C1E6122C0C481000632AB2 /* OrderCompletionViewModel.swift in Sources */,
				25C1E61A2C0C5D1000632AB2 /* IssueTokenInfo.swift in Sources */,
				25C1E6102C0C43B400632AB2 /* OrderTrackingViewInteractor.swift in Sources */,
				FE9AD8102ABD4E5300535B47 /* OrderDetailDescriptionCell.swift in Sources */,
				25C1E5F12C08BDFC00632AB2 /* OrderListViewInteractor.swift in Sources */,
				25C1E6082C09BBCD00632AB2 /* MapGoogleDirections.swift in Sources */,
				25C1E61E2C0C5DDA00632AB2 /* SSOUserInfo.swift in Sources */,
				FED5A4792AC282A00050F24D /* OrderDetailReceiptCell.swift in Sources */,
				25C1E5EF2C08BD4F00632AB2 /* OrderListViewModel.swift in Sources */,
				25C1E6062C09B9D200632AB2 /* MapAppleDirections.swift in Sources */,
				FE1019C02AB2E1F00091C91C /* OrderListViewController.swift in Sources */,
				FE19AF1A2AA9578E00FE09A8 /* DataManager.swift in Sources */,
				FE1019C92AB3F8190091C91C /* IntExtension.swift in Sources */,
				C355C4972AD10837002F0705 /* FCConstants.swift in Sources */,
				FEE5277F2AC6A8FF00BC682F /* PhotoManager.swift in Sources */,
				FED5A4752AC263F20050F24D /* LocationDetailInfo.swift in Sources */,
				FE19AF1C2AA9578E00FE09A8 /* LocationManager.swift in Sources */,
				25C1E60E2C0C411600632AB2 /* OrderTrackingViewModel.swift in Sources */,
				FE19AEF82AA6C0EE00FE09A8 /* AppDelegate.swift in Sources */,
				25C1E60C2C09BCCF00632AB2 /* MapNaverDirections.swift in Sources */,
				FE1019CB2AB3FB370091C91C /* OrderDetailViewController.swift in Sources */,
				25C1E5F82C098CF600632AB2 /* CompletedOrderListDelegate.swift in Sources */,
				FE19AEFA2AA6C0EE00FE09A8 /* SceneDelegate.swift in Sources */,
				FE19AF2B2AAACD7300FE09A8 /* ButtonExtension.swift in Sources */,
				FE10192C2AB13F270091C91C /* APIController.swift in Sources */,
				25C1E60A2C09BC8100632AB2 /* MapKakaoDirections.swift in Sources */,
				FE1019C72AB3F63E0091C91C /* ViewExtension.swift in Sources */,
				25C1E6202C0C5E3400632AB2 /* SSOController.swift in Sources */,
				25C1E5F62C098C9600632AB2 /* InProgressOrderListDelegate.swift in Sources */,
				25C1E5FF2C0998F600632AB2 /* OrderDetailViewDelegate.swift in Sources */,
				25C1E6142C0C481A00632AB2 /* OrderCompletionViewInteractor.swift in Sources */,
				FEE527812AC91DA400BC682F /* OrderTrackingViewController.swift in Sources */,
				FE19AF202AAABD8100FE09A8 /* OrderDetailInfo.swift in Sources */,
				FE9AD80F2ABD4E5300535B47 /* OrderDetailMapViewCell.swift in Sources */,
				25C1E5FA2C0991F700632AB2 /* OrderDetailViewModel.swift in Sources */,
				25C1E5F42C098A2400632AB2 /* PendingOrderListDelegate.swift in Sources */,
			);
			runOnlyForDeploymentPostprocessing = 0;
		};
/* End PBXSourcesBuildPhase section */

/* Begin PBXVariantGroup section */
		FE19AEFD2AA6C0EE00FE09A8 /* Main.storyboard */ = {
			isa = PBXVariantGroup;
			children = (
				FE19AEFE2AA6C0EE00FE09A8 /* Base */,
			);
			name = Main.storyboard;
			sourceTree = "<group>";
		};
		FE19AF022AA6C0EF00FE09A8 /* LaunchScreen.storyboard */ = {
			isa = PBXVariantGroup;
			children = (
				FE19AF032AA6C0EF00FE09A8 /* Base */,
			);
			name = LaunchScreen.storyboard;
			sourceTree = "<group>";
		};
/* End PBXVariantGroup section */

/* Begin XCBuildConfiguration section */
		FE19AF062AA6C0EF00FE09A8 /* Debug */ = {
			isa = XCBuildConfiguration;
			buildSettings = {
				ALWAYS_SEARCH_USER_PATHS = NO;
				CLANG_ANALYZER_NONNULL = YES;
				CLANG_ANALYZER_NUMBER_OBJECT_CONVERSION = YES_AGGRESSIVE;
				CLANG_CXX_LANGUAGE_STANDARD = "gnu++20";
				CLANG_ENABLE_MODULES = YES;
				CLANG_ENABLE_OBJC_ARC = YES;
				CLANG_ENABLE_OBJC_WEAK = YES;
				CLANG_WARN_BLOCK_CAPTURE_AUTORELEASING = YES;
				CLANG_WARN_BOOL_CONVERSION = YES;
				CLANG_WARN_COMMA = YES;
				CLANG_WARN_CONSTANT_CONVERSION = YES;
				CLANG_WARN_DEPRECATED_OBJC_IMPLEMENTATIONS = YES;
				CLANG_WARN_DIRECT_OBJC_ISA_USAGE = YES_ERROR;
				CLANG_WARN_DOCUMENTATION_COMMENTS = YES;
				CLANG_WARN_EMPTY_BODY = YES;
				CLANG_WARN_ENUM_CONVERSION = YES;
				CLANG_WARN_INFINITE_RECURSION = YES;
				CLANG_WARN_INT_CONVERSION = YES;
				CLANG_WARN_NON_LITERAL_NULL_CONVERSION = YES;
				CLANG_WARN_OBJC_IMPLICIT_RETAIN_SELF = YES;
				CLANG_WARN_OBJC_LITERAL_CONVERSION = YES;
				CLANG_WARN_OBJC_ROOT_CLASS = YES_ERROR;
				CLANG_WARN_QUOTED_INCLUDE_IN_FRAMEWORK_HEADER = YES;
				CLANG_WARN_RANGE_LOOP_ANALYSIS = YES;
				CLANG_WARN_STRICT_PROTOTYPES = YES;
				CLANG_WARN_SUSPICIOUS_MOVE = YES;
				CLANG_WARN_UNGUARDED_AVAILABILITY = YES_AGGRESSIVE;
				CLANG_WARN_UNREACHABLE_CODE = YES;
				CLANG_WARN__DUPLICATE_METHOD_MATCH = YES;
				COPY_PHASE_STRIP = NO;
				DEBUG_INFORMATION_FORMAT = dwarf;
				ENABLE_STRICT_OBJC_MSGSEND = YES;
				ENABLE_TESTABILITY = YES;
				GCC_C_LANGUAGE_STANDARD = gnu11;
				GCC_DYNAMIC_NO_PIC = NO;
				GCC_NO_COMMON_BLOCKS = YES;
				GCC_OPTIMIZATION_LEVEL = 0;
				GCC_PREPROCESSOR_DEFINITIONS = (
					"DEBUG=1",
					"$(inherited)",
				);
				GCC_WARN_64_TO_32_BIT_CONVERSION = YES;
				GCC_WARN_ABOUT_RETURN_TYPE = YES_ERROR;
				GCC_WARN_UNDECLARED_SELECTOR = YES;
				GCC_WARN_UNINITIALIZED_AUTOS = YES_AGGRESSIVE;
				GCC_WARN_UNUSED_FUNCTION = YES;
				GCC_WARN_UNUSED_VARIABLE = YES;
				IPHONEOS_DEPLOYMENT_TARGET = 16.4;
				MTL_ENABLE_DEBUG_INFO = INCLUDE_SOURCE;
				MTL_FAST_MATH = YES;
				ONLY_ACTIVE_ARCH = YES;
				SDKROOT = iphoneos;
				SWIFT_ACTIVE_COMPILATION_CONDITIONS = DEBUG;
				SWIFT_OPTIMIZATION_LEVEL = "-Onone";
			};
			name = Debug;
		};
		FE19AF072AA6C0EF00FE09A8 /* Release */ = {
			isa = XCBuildConfiguration;
			buildSettings = {
				ALWAYS_SEARCH_USER_PATHS = NO;
				CLANG_ANALYZER_NONNULL = YES;
				CLANG_ANALYZER_NUMBER_OBJECT_CONVERSION = YES_AGGRESSIVE;
				CLANG_CXX_LANGUAGE_STANDARD = "gnu++20";
				CLANG_ENABLE_MODULES = YES;
				CLANG_ENABLE_OBJC_ARC = YES;
				CLANG_ENABLE_OBJC_WEAK = YES;
				CLANG_WARN_BLOCK_CAPTURE_AUTORELEASING = YES;
				CLANG_WARN_BOOL_CONVERSION = YES;
				CLANG_WARN_COMMA = YES;
				CLANG_WARN_CONSTANT_CONVERSION = YES;
				CLANG_WARN_DEPRECATED_OBJC_IMPLEMENTATIONS = YES;
				CLANG_WARN_DIRECT_OBJC_ISA_USAGE = YES_ERROR;
				CLANG_WARN_DOCUMENTATION_COMMENTS = YES;
				CLANG_WARN_EMPTY_BODY = YES;
				CLANG_WARN_ENUM_CONVERSION = YES;
				CLANG_WARN_INFINITE_RECURSION = YES;
				CLANG_WARN_INT_CONVERSION = YES;
				CLANG_WARN_NON_LITERAL_NULL_CONVERSION = YES;
				CLANG_WARN_OBJC_IMPLICIT_RETAIN_SELF = YES;
				CLANG_WARN_OBJC_LITERAL_CONVERSION = YES;
				CLANG_WARN_OBJC_ROOT_CLASS = YES_ERROR;
				CLANG_WARN_QUOTED_INCLUDE_IN_FRAMEWORK_HEADER = YES;
				CLANG_WARN_RANGE_LOOP_ANALYSIS = YES;
				CLANG_WARN_STRICT_PROTOTYPES = YES;
				CLANG_WARN_SUSPICIOUS_MOVE = YES;
				CLANG_WARN_UNGUARDED_AVAILABILITY = YES_AGGRESSIVE;
				CLANG_WARN_UNREACHABLE_CODE = YES;
				CLANG_WARN__DUPLICATE_METHOD_MATCH = YES;
				COPY_PHASE_STRIP = NO;
				DEBUG_INFORMATION_FORMAT = "dwarf-with-dsym";
				ENABLE_NS_ASSERTIONS = NO;
				ENABLE_STRICT_OBJC_MSGSEND = YES;
				GCC_C_LANGUAGE_STANDARD = gnu11;
				GCC_NO_COMMON_BLOCKS = YES;
				GCC_WARN_64_TO_32_BIT_CONVERSION = YES;
				GCC_WARN_ABOUT_RETURN_TYPE = YES_ERROR;
				GCC_WARN_UNDECLARED_SELECTOR = YES;
				GCC_WARN_UNINITIALIZED_AUTOS = YES_AGGRESSIVE;
				GCC_WARN_UNUSED_FUNCTION = YES;
				GCC_WARN_UNUSED_VARIABLE = YES;
				IPHONEOS_DEPLOYMENT_TARGET = 16.4;
				MTL_ENABLE_DEBUG_INFO = NO;
				MTL_FAST_MATH = YES;
				SDKROOT = iphoneos;
				SWIFT_COMPILATION_MODE = wholemodule;
				SWIFT_OPTIMIZATION_LEVEL = "-O";
				VALIDATE_PRODUCT = YES;
			};
			name = Release;
		};
		FE19AF092AA6C0EF00FE09A8 /* Debug */ = {
			isa = XCBuildConfiguration;
			buildSettings = {
				ASSETCATALOG_COMPILER_APPICON_NAME = AppIcon;
				ASSETCATALOG_COMPILER_GLOBAL_ACCENT_COLOR_NAME = AccentColor;
				CODE_SIGN_STYLE = Automatic;
				CURRENT_PROJECT_VERSION = 1;
				DEVELOPMENT_TEAM = 92F796HA5V;
				EXCLUDED_ARCHS = "";
				GENERATE_INFOPLIST_FILE = YES;
				INFOPLIST_FILE = FastCampusRiders/Info.plist;
				INFOPLIST_KEY_UIApplicationSupportsIndirectInputEvents = YES;
				INFOPLIST_KEY_UILaunchStoryboardName = LaunchScreen.storyboard;
				INFOPLIST_KEY_UIMainStoryboardFile = Main;
				INFOPLIST_KEY_UISupportedInterfaceOrientations = UIInterfaceOrientationPortrait;
				IPHONEOS_DEPLOYMENT_TARGET = 16.0;
				LD_RUNPATH_SEARCH_PATHS = (
					"$(inherited)",
					"@executable_path/Frameworks",
				);
				MARKETING_VERSION = 1.0;
				PRODUCT_BUNDLE_IDENTIFIER = com.fastcampus.riders.FastCampusRiders;
				PRODUCT_NAME = "$(TARGET_NAME)";
				SUPPORTED_PLATFORMS = "iphoneos iphonesimulator";
				SUPPORTS_MACCATALYST = NO;
				SUPPORTS_MAC_DESIGNED_FOR_IPHONE_IPAD = NO;
				SWIFT_EMIT_LOC_STRINGS = YES;
				SWIFT_VERSION = 5.0;
				TARGETED_DEVICE_FAMILY = 1;
			};
			name = Debug;
		};
		FE19AF0A2AA6C0EF00FE09A8 /* Release */ = {
			isa = XCBuildConfiguration;
			buildSettings = {
				ASSETCATALOG_COMPILER_APPICON_NAME = AppIcon;
				ASSETCATALOG_COMPILER_GLOBAL_ACCENT_COLOR_NAME = AccentColor;
				CODE_SIGN_STYLE = Automatic;
				CURRENT_PROJECT_VERSION = 1;
				DEVELOPMENT_TEAM = 92F796HA5V;
				EXCLUDED_ARCHS = "";
				GENERATE_INFOPLIST_FILE = YES;
				INFOPLIST_FILE = FastCampusRiders/Info.plist;
				INFOPLIST_KEY_UIApplicationSupportsIndirectInputEvents = YES;
				INFOPLIST_KEY_UILaunchStoryboardName = LaunchScreen.storyboard;
				INFOPLIST_KEY_UIMainStoryboardFile = Main;
				INFOPLIST_KEY_UISupportedInterfaceOrientations = UIInterfaceOrientationPortrait;
				IPHONEOS_DEPLOYMENT_TARGET = 16.0;
				LD_RUNPATH_SEARCH_PATHS = (
					"$(inherited)",
					"@executable_path/Frameworks",
				);
				MARKETING_VERSION = 1.0;
				PRODUCT_BUNDLE_IDENTIFIER = com.fastcampus.riders.FastCampusRiders;
				PRODUCT_NAME = "$(TARGET_NAME)";
				SUPPORTED_PLATFORMS = "iphoneos iphonesimulator";
				SUPPORTS_MACCATALYST = NO;
				SUPPORTS_MAC_DESIGNED_FOR_IPHONE_IPAD = NO;
				SWIFT_EMIT_LOC_STRINGS = YES;
				SWIFT_VERSION = 5.0;
				TARGETED_DEVICE_FAMILY = 1;
			};
			name = Release;
		};
/* End XCBuildConfiguration section */

/* Begin XCConfigurationList section */
		FE19AEEF2AA6C0EE00FE09A8 /* Build configuration list for PBXProject "FastCampusRiders" */ = {
			isa = XCConfigurationList;
			buildConfigurations = (
				FE19AF062AA6C0EF00FE09A8 /* Debug */,
				FE19AF072AA6C0EF00FE09A8 /* Release */,
			);
			defaultConfigurationIsVisible = 0;
			defaultConfigurationName = Release;
		};
		FE19AF082AA6C0EF00FE09A8 /* Build configuration list for PBXNativeTarget "FastCampusRiders" */ = {
			isa = XCConfigurationList;
			buildConfigurations = (
				FE19AF092AA6C0EF00FE09A8 /* Debug */,
				FE19AF0A2AA6C0EF00FE09A8 /* Release */,
			);
			defaultConfigurationIsVisible = 0;
			defaultConfigurationName = Release;
		};
/* End XCConfigurationList section */

/* Begin XCRemoteSwiftPackageReference section */
		25C1E6212C0C5F0300632AB2 /* XCRemoteSwiftPackageReference "KeychainAccess" */ = {
			isa = XCRemoteSwiftPackageReference;
			repositoryURL = "https://github.com/kishikawakatsumi/KeychainAccess.git";
			requirement = {
				kind = upToNextMinorVersion;
				minimumVersion = 4.2.2;
			};
		};
		FEE527302AC5A53F00BC682F /* XCRemoteSwiftPackageReference "MBA-kit" */ = {
			isa = XCRemoteSwiftPackageReference;
			repositoryURL = "https://github.com/MBKwon/MBA-kit.git";
			requirement = {
				kind = upToNextMajorVersion;
				minimumVersion = 0.8.0;
			};
		};
/* End XCRemoteSwiftPackageReference section */

/* Begin XCSwiftPackageProductDependency section */
		25C1E6222C0C5F0300632AB2 /* KeychainAccess */ = {
			isa = XCSwiftPackageProductDependency;
			package = 25C1E6212C0C5F0300632AB2 /* XCRemoteSwiftPackageReference "KeychainAccess" */;
			productName = KeychainAccess;
		};
		FEE527312AC5A53F00BC682F /* MBAkit */ = {
			isa = XCSwiftPackageProductDependency;
			package = FEE527302AC5A53F00BC682F /* XCRemoteSwiftPackageReference "MBA-kit" */;
			productName = MBAkit;
		};
/* End XCSwiftPackageProductDependency section */
	};
	rootObject = FE19AEEC2AA6C0EE00FE09A8 /* Project object */;
}
